{
  "object": {
    "pins": [
      {
        "package": "Alamofire",
        "repositoryURL": "https://github.com/Alamofire/Alamofire",
        "state": {
          "branch": null,
          "revision": "097e1f03166d49b31f824507fb85ad843b14fc13",
          "version": "5.3.0"
        }
      },
      {
        "package": "AnyCodable",
        "repositoryURL": "https://github.com/Flight-School/AnyCodable",
        "state": {
          "branch": null,
          "revision": "79b05a5da89557a4fa50647cc92488a3d9c3f478",
          "version": "0.3.0"
        }
      },
      {
        "package": "Charts",
        "repositoryURL": "https://gitlab.memri.io/memri/ios-dependencies/charts",
        "state": {
          "branch": "master",
          "revision": "c75cbbaa7227c3ba565008f5c0b954d9a4c72f74",
          "version": null
        }
      },
      {
        "package": "Realm",
        "repositoryURL": "https://github.com/realm/realm-cocoa",
        "state": {
          "branch": null,
          "revision": "fa43b8e2909334c79f233ce472332c136ca108da",
          "version": "4.4.1"
        }
      },
      {
        "package": "RealmCore",
        "repositoryURL": "https://github.com/realm/realm-core",
        "state": {
          "branch": null,
          "revision": "35662ff940e340bf630ad1d1d88acfc7af18bee6",
          "version": "5.23.8"
        }
      },
      {
        "package": "SwiftSoup",
        "repositoryURL": "https://github.com/scinfu/SwiftSoup",
        "state": {
          "branch": null,
          "revision": "774dc9c7213085db8aa59595e27c1cd22e428904",
          "version": "2.3.2"
        }
      }
    ]
  },
  "version": 1
}
