{
  "object": {
    "pins": [
      {
        "package": "AnyCodable",
        "repositoryURL": "https://github.com/Flight-School/AnyCodable",
        "state": {
          "branch": null,
          "revision": "6e9610258e9f1044b5e0d88545052846448b43c3",
          "version": "0.2.3"
        }
      },
      {
        "package": "ASCollectionView",
        "repositoryURL": "https://gitlab.memri.io/memri/ascollectionview",
        "state": {
          "branch": "master",
          "revision": "1ac2da68bbd471b5a0fce5427a234fa0c504f247",
          "version": null
        }
      },
      {
        "package": "Charts",
        "repositoryURL": "https://gitlab.memri.io/memri/ios-dependencies/charts",
        "state": {
          "branch": "master",
          "revision": "c7609524054ed624c08f2695f2b4881ae71e4cd8",
          "version": null
        }
      },
      {
        "package": "DifferenceKit",
        "repositoryURL": "https://github.com/ra1028/DifferenceKit",
        "state": {
          "branch": null,
          "revision": "14c66681e12a38b81045f44c6c29724a0d4b0e72",
          "version": "1.1.5"
        }
      },
      {
        "package": "Realm",
        "repositoryURL": "https://github.com/realm/realm-cocoa",
        "state": {
          "branch": null,
          "revision": "fa43b8e2909334c79f233ce472332c136ca108da",
          "version": "4.4.1"
        }
      },
      {
        "package": "RealmCore",
        "repositoryURL": "https://github.com/realm/realm-core",
        "state": {
          "branch": null,
          "revision": "35662ff940e340bf630ad1d1d88acfc7af18bee6",
          "version": "5.23.8"
        }
      }
    ]
  },
  "version": 1
}
