// !$*UTF8*$!
{
	archiveVersion = 1;
	classes = {
	};
	objectVersion = 52;
	objects = {

/* Begin PBXBuildFile section */
		1BCB0599F5AC5209AA5EA280 /* Pods_memri_memriUITests.framework in Frameworks */ = {isa = PBXBuildFile; fileRef = BCCEE8B1F884BC6A1E5D05EA /* Pods_memri_memriUITests.framework */; };
		39FDADE8F88621C2AA70F24A /* Pods_memri.framework in Frameworks */ = {isa = PBXBuildFile; fileRef = CBFBAB361D2E7658A14EB0EE /* Pods_memri.framework */; };
		5D0A28B9240678EE00398B17 /* ModelTest.swift in Sources */ = {isa = PBXBuildFile; fileRef = 5D0A28B8240678EE00398B17 /* ModelTest.swift */; };
		5D0A28BA24067E5C00398B17 /* test_dataItems.json in Resources */ = {isa = PBXBuildFile; fileRef = 5D0A28B7240677EE00398B17 /* test_dataItems.json */; };
		5D0A28BB24067E8000398B17 /* test_dataItems.json in Resources */ = {isa = PBXBuildFile; fileRef = 5D0A28B7240677EE00398B17 /* test_dataItems.json */; };
		5D0A28C324069A6500398B17 /* SessionsViewTest.swift in Sources */ = {isa = PBXBuildFile; fileRef = 5D0A28C124069A6500398B17 /* SessionsViewTest.swift */; };
		5D0EBA272404036600D9D842 /* Renderer_v1.swift in Sources */ = {isa = PBXBuildFile; fileRef = 5D0EBA262404036600D9D842 /* Renderer_v1.swift */; };
		5D0EBA2924040D6300D9D842 /* Browser_v1.swift in Sources */ = {isa = PBXBuildFile; fileRef = 5D0EBA2824040D6300D9D842 /* Browser_v1.swift */; };
		5D1A3E64240704D000A0583B /* CodablePublishedExtension.swift in Sources */ = {isa = PBXBuildFile; fileRef = 5D1A3E63240704D000A0583B /* CodablePublishedExtension.swift */; };
		5D1A3E66240805C700A0583B /* empty_sessionview.json in Resources */ = {isa = PBXBuildFile; fileRef = 5D1A3E652408035A00A0583B /* empty_sessionview.json */; };
		5D1A3E67240805C700A0583B /* empty_sessionview.json in Resources */ = {isa = PBXBuildFile; fileRef = 5D1A3E652408035A00A0583B /* empty_sessionview.json */; };
		5D1A3E69240807C100A0583B /* SessionTest.swift in Sources */ = {isa = PBXBuildFile; fileRef = 5D1A3E68240807C100A0583B /* SessionTest.swift */; };
		5D1A3E6B2408086800A0583B /* Session_v1.swift in Sources */ = {isa = PBXBuildFile; fileRef = 5D1A3E6A2408086800A0583B /* Session_v1.swift */; };
		5D1A3E6D24080BD800A0583B /* empty_session.json in Resources */ = {isa = PBXBuildFile; fileRef = 5D1A3E6C2408099900A0583B /* empty_session.json */; };
		5D1A3E6E24080BDA00A0583B /* empty_session.json in Resources */ = {isa = PBXBuildFile; fileRef = 5D1A3E6C2408099900A0583B /* empty_session.json */; };
		5D228B042432275600464506 /* ActionDescription.swift in Sources */ = {isa = PBXBuildFile; fileRef = 5D228B032432275600464506 /* ActionDescription.swift */; };
		5D228B062432385300464506 /* Action.swift in Sources */ = {isa = PBXBuildFile; fileRef = 5D228B052432385300464506 /* Action.swift */; };
		5D228B082432416F00464506 /* ActionTest.swift in Sources */ = {isa = PBXBuildFile; fileRef = 5D228B072432416F00464506 /* ActionTest.swift */; };
		5D2492FB2434E75A00BCE8DD /* RendererObjects.swift in Sources */ = {isa = PBXBuildFile; fileRef = 5D2492FA2434E75A00BCE8DD /* RendererObjects.swift */; };
		5D2934F023FEA1CD0073E25F /* DataStore.swift in Sources */ = {isa = PBXBuildFile; fileRef = 5D2934EF23FEA1CD0073E25F /* DataStore.swift */; };
		5D38DE11240576D200FF9B70 /* PodAPITest.swift in Sources */ = {isa = PBXBuildFile; fileRef = 5D38DE10240576D200FF9B70 /* PodAPITest.swift */; };
		5D38DE132405775400FF9B70 /* api.swift in Sources */ = {isa = PBXBuildFile; fileRef = 5D38DE122405775400FF9B70 /* api.swift */; };
		5D38DE152405776300FF9B70 /* control.swift in Sources */ = {isa = PBXBuildFile; fileRef = 5D38DE142405776300FF9B70 /* control.swift */; };
		5D38DE172405776B00FF9B70 /* model.swift in Sources */ = {isa = PBXBuildFile; fileRef = 5D38DE162405776B00FF9B70 /* model.swift */; };
		5D38DE19240577BA00FF9B70 /* SessionView.swift in Sources */ = {isa = PBXBuildFile; fileRef = 5D38DE18240577BA00FF9B70 /* SessionView.swift */; };
		5D3D961F24164B240004040E /* CodeExtended.swift in Sources */ = {isa = PBXBuildFile; fileRef = 5D3D961E24164B240004040E /* CodeExtended.swift */; };
		5D3D9621241675100004040E /* util.swift in Sources */ = {isa = PBXBuildFile; fileRef = 5D3D9620241675100004040E /* util.swift */; };
		5D3D962424168C810004040E /* AnyCodable.swift in Sources */ = {isa = PBXBuildFile; fileRef = 5DD17B67241294CC0018A8F1 /* AnyCodable.swift */; };
		5D414AD8242B875F00A3DDFA /* FilterPanel.swift in Sources */ = {isa = PBXBuildFile; fileRef = 5D414AD7242B875F00A3DDFA /* FilterPanel.swift */; };
		5D41618B23FFE2730017EC4A /* TestView.swift in Sources */ = {isa = PBXBuildFile; fileRef = 5D41618A23FFE2730017EC4A /* TestView.swift */; };
		5D493FDE23FC15FF0034692B /* RichTextRenderer.swift in Sources */ = {isa = PBXBuildFile; fileRef = 5D493FDD23FC15FF0034692B /* RichTextRenderer.swift */; };
		5D599BBB23F2B77500F218A0 /* AppDelegate.swift in Sources */ = {isa = PBXBuildFile; fileRef = 5D599BBA23F2B77500F218A0 /* AppDelegate.swift */; };
		5D599BBD23F2B77500F218A0 /* SceneDelegate.swift in Sources */ = {isa = PBXBuildFile; fileRef = 5D599BBC23F2B77500F218A0 /* SceneDelegate.swift */; };
		5D599BBF23F2B77500F218A0 /* Browser.swift in Sources */ = {isa = PBXBuildFile; fileRef = 5D599BBE23F2B77500F218A0 /* Browser.swift */; };
		5D599BC123F2B77700F218A0 /* Assets.xcassets in Resources */ = {isa = PBXBuildFile; fileRef = 5D599BC023F2B77700F218A0 /* Assets.xcassets */; };
		5D599BC423F2B77700F218A0 /* Preview Assets.xcassets in Resources */ = {isa = PBXBuildFile; fileRef = 5D599BC323F2B77700F218A0 /* Preview Assets.xcassets */; };
		5D599BC723F2B77700F218A0 /* LaunchScreen.storyboard in Resources */ = {isa = PBXBuildFile; fileRef = 5D599BC523F2B77700F218A0 /* LaunchScreen.storyboard */; };
		5D599BDD23F2B77700F218A0 /* memriUITests.swift in Sources */ = {isa = PBXBuildFile; fileRef = 5D599BDC23F2B77700F218A0 /* memriUITests.swift */; };
		5D78D0692424D4D900F7BD3B /* Navigation.swift in Sources */ = {isa = PBXBuildFile; fileRef = 5D78D0682424D4D900F7BD3B /* Navigation.swift */; };
		5D78D06B242500A500F7BD3B /* navigationItems.json in Resources */ = {isa = PBXBuildFile; fileRef = 5D78D06A242500A500F7BD3B /* navigationItems.json */; };
		5D78D06C242500A500F7BD3B /* navigationItems.json in Resources */ = {isa = PBXBuildFile; fileRef = 5D78D06A242500A500F7BD3B /* navigationItems.json */; };
		5D78D06E242512FB00F7BD3B /* NavigationTest.swift in Sources */ = {isa = PBXBuildFile; fileRef = 5D78D06D242512FB00F7BD3B /* NavigationTest.swift */; };
		5D78D072242531BE00F7BD3B /* NavigationItem.swift in Sources */ = {isa = PBXBuildFile; fileRef = 5D78D071242531BE00F7BD3B /* NavigationItem.swift */; };
		5D81A07E243343CF006E1FA9 /* ActionName.swift in Sources */ = {isa = PBXBuildFile; fileRef = 5D81A07D243343CF006E1FA9 /* ActionName.swift */; };
		5D90464F243616B000632492 /* color.swift in Sources */ = {isa = PBXBuildFile; fileRef = 5D90464E243616B000632492 /* color.swift */; };
		5D904654243628AB00632492 /* RendererConfigs.swift in Sources */ = {isa = PBXBuildFile; fileRef = 5D904653243628AB00632492 /* RendererConfigs.swift */; };
		5D98DBD9243B598100046F3E /* MainActions.swift in Sources */ = {isa = PBXBuildFile; fileRef = 5D98DBD8243B598100046F3E /* MainActions.swift */; };
		5DA7BAFB241A72640087B81D /* QGrid in Frameworks */ = {isa = PBXBuildFile; productRef = 5DA7BAFA241A72640087B81D /* QGrid */; };
		5DB66FB52431DD41007736D6 /* mainTest.swift in Sources */ = {isa = PBXBuildFile; fileRef = 5DB66FB42431DD41007736D6 /* mainTest.swift */; };
		5DB66FB72431DEB0007736D6 /* realmTest.swift in Sources */ = {isa = PBXBuildFile; fileRef = 5DB66FB62431DEB0007736D6 /* realmTest.swift */; };
		5DC1692724093C3900367905 /* sessions_manually_single.json in Resources */ = {isa = PBXBuildFile; fileRef = 5DC1692624093C3900367905 /* sessions_manually_single.json */; };
		5DC1692824093E6B00367905 /* sessions_manually_single.json in Resources */ = {isa = PBXBuildFile; fileRef = 5DC1692624093C3900367905 /* sessions_manually_single.json */; };
		5DC1692924093E7000367905 /* sessions_manually_expanded.json in Resources */ = {isa = PBXBuildFile; fileRef = 5DC1692524093BD300367905 /* sessions_manually_expanded.json */; };
		5DC1692A24093E7000367905 /* sessions_manually_expanded.json in Resources */ = {isa = PBXBuildFile; fileRef = 5DC1692524093BD300367905 /* sessions_manually_expanded.json */; };
		5DC1692C2409453200367905 /* empty_sessions.json in Resources */ = {isa = PBXBuildFile; fileRef = 5DC1692B2409453200367905 /* empty_sessions.json */; };
		5DC1692D240945D200367905 /* empty_sessions.json in Resources */ = {isa = PBXBuildFile; fileRef = 5DC1692B2409453200367905 /* empty_sessions.json */; };
		5DD17B5A241252D90018A8F1 /* add_action.json in Resources */ = {isa = PBXBuildFile; fileRef = 5DD17B59241252D90018A8F1 /* add_action.json */; };
		5DD17B5B241252D90018A8F1 /* add_action.json in Resources */ = {isa = PBXBuildFile; fileRef = 5DD17B59241252D90018A8F1 /* add_action.json */; };
		5DD17B5D2412677D0018A8F1 /* DefaultCodingKeys.swift in Sources */ = {isa = PBXBuildFile; fileRef = 5DD17B5C2412677D0018A8F1 /* DefaultCodingKeys.swift */; };
		5DD17B5E2412677D0018A8F1 /* DefaultCodingKeys.swift in Sources */ = {isa = PBXBuildFile; fileRef = 5DD17B5C2412677D0018A8F1 /* DefaultCodingKeys.swift */; };
		5DD17B61241293010018A8F1 /* AnyCodable in Frameworks */ = {isa = PBXBuildFile; productRef = 5DD17B60241293010018A8F1 /* AnyCodable */; };
		5DD17B68241294CC0018A8F1 /* AnyCodable.swift in Sources */ = {isa = PBXBuildFile; fileRef = 5DD17B67241294CC0018A8F1 /* AnyCodable.swift */; };
		5DD17B6B241294DC0018A8F1 /* AnyDecodable.swift in Sources */ = {isa = PBXBuildFile; fileRef = 5DD17B6A241294DC0018A8F1 /* AnyDecodable.swift */; };
		5DD17B6C241294DC0018A8F1 /* AnyDecodable.swift in Sources */ = {isa = PBXBuildFile; fileRef = 5DD17B6A241294DC0018A8F1 /* AnyDecodable.swift */; };
		5DD17B6E241294E90018A8F1 /* AnyEncodable.swift in Sources */ = {isa = PBXBuildFile; fileRef = 5DD17B6D241294E90018A8F1 /* AnyEncodable.swift */; };
		5DD17B6F241294E90018A8F1 /* AnyEncodable.swift in Sources */ = {isa = PBXBuildFile; fileRef = 5DD17B6D241294E90018A8F1 /* AnyEncodable.swift */; };
		5DD1E9B323FD7E59007BDF7B /* TopNavigation.swift in Sources */ = {isa = PBXBuildFile; fileRef = 5DD1E9B223FD7E59007BDF7B /* TopNavigation.swift */; };
		5DD1E9B523FD7EB1007BDF7B /* Search.swift in Sources */ = {isa = PBXBuildFile; fileRef = 5DD1E9B423FD7EB1007BDF7B /* Search.swift */; };
		5DD1E9B823FD814E007BDF7B /* Note.swift in Sources */ = {isa = PBXBuildFile; fileRef = 5DD1E9B723FD814E007BDF7B /* Note.swift */; };
		5DD1E9BA23FD81C5007BDF7B /* Renderer.swift in Sources */ = {isa = PBXBuildFile; fileRef = 5DD1E9B923FD81C5007BDF7B /* Renderer.swift */; };
		5DD28B772417BAF900CE9F6A /* ThumbnailRenderer.swift in Sources */ = {isa = PBXBuildFile; fileRef = 5DD28B762417BAF900CE9F6A /* ThumbnailRenderer.swift */; };
		5DE95A67241BC92E003ABA63 /* openview_action.json in Resources */ = {isa = PBXBuildFile; fileRef = 5DE95A66241BC92E003ABA63 /* openview_action.json */; };
		5DE95A68241BC92E003ABA63 /* openview_action.json in Resources */ = {isa = PBXBuildFile; fileRef = 5DE95A66241BC92E003ABA63 /* openview_action.json */; };
		5DE95A6A241BC954003ABA63 /* DecodableDict.swift in Sources */ = {isa = PBXBuildFile; fileRef = 5DE95A69241BC954003ABA63 /* DecodableDict.swift */; };
		5DE95A6B241BC954003ABA63 /* DecodableDict.swift in Sources */ = {isa = PBXBuildFile; fileRef = 5DE95A69241BC954003ABA63 /* DecodableDict.swift */; };
		5DE95A6D241BCD34003ABA63 /* back_action.json in Resources */ = {isa = PBXBuildFile; fileRef = 5DE95A6C241BCD34003ABA63 /* back_action.json */; };
		5DE95A6E241BCD34003ABA63 /* back_action.json in Resources */ = {isa = PBXBuildFile; fileRef = 5DE95A6C241BCD34003ABA63 /* back_action.json */; };
		5DF96DCE2417AA2B0051EA45 /* ListRenderer.swift in Sources */ = {isa = PBXBuildFile; fileRef = 5DF96DCD2417AA2B0051EA45 /* ListRenderer.swift */; };
		5DFB0CBF24179FA6002FBDE7 /* Session.swift in Sources */ = {isa = PBXBuildFile; fileRef = 5DFB0CBE24179FA6002FBDE7 /* Session.swift */; };
		861439F22435942A008D6B5B /* Installer.swift in Sources */ = {isa = PBXBuildFile; fileRef = 861439F12435942A008D6B5B /* Installer.swift */; };
		861439F52435AF8C008D6B5B /* test_sessions.json in Resources */ = {isa = PBXBuildFile; fileRef = 861439F42435AF8C008D6B5B /* test_sessions.json */; };
		861439F62435AF91008D6B5B /* test_sessions.json in Resources */ = {isa = PBXBuildFile; fileRef = 861439F42435AF8C008D6B5B /* test_sessions.json */; };
		86229DCC243508B00013750A /* default_settings.json in Resources */ = {isa = PBXBuildFile; fileRef = 86229DCB243508B00013750A /* default_settings.json */; };
		86229DCD243509F60013750A /* default_settings.json in Resources */ = {isa = PBXBuildFile; fileRef = 86229DCB243508B00013750A /* default_settings.json */; };
		8656461424222C2000D071B4 /* Application.swift in Sources */ = {isa = PBXBuildFile; fileRef = 8656461324222C2000D071B4 /* Application.swift */; };
		865646162422B68A00D071B4 /* default_sessions.json in Resources */ = {isa = PBXBuildFile; fileRef = 865646152422B68A00D071B4 /* default_sessions.json */; };
		865646182422B6A700D071B4 /* notes_from_server.json in Resources */ = {isa = PBXBuildFile; fileRef = 865646172422B6A700D071B4 /* notes_from_server.json */; };
		865646192423831500D071B4 /* default_sessions.json in Resources */ = {isa = PBXBuildFile; fileRef = 865646152422B68A00D071B4 /* default_sessions.json */; };
		8656461A24238BB000D071B4 /* notes_from_server.json in Resources */ = {isa = PBXBuildFile; fileRef = 865646172422B6A700D071B4 /* notes_from_server.json */; };
		8656461C24238BF400D071B4 /* 0x01.json in Resources */ = {isa = PBXBuildFile; fileRef = 8656461B24238BF400D071B4 /* 0x01.json */; };
		8656462524238C6300D071B4 /* 0x02.json in Resources */ = {isa = PBXBuildFile; fileRef = 8656461E24238C6300D071B4 /* 0x02.json */; };
		8656462724238C6300D071B4 /* 0x03.json in Resources */ = {isa = PBXBuildFile; fileRef = 8656461F24238C6300D071B4 /* 0x03.json */; };
		8656462924238C6300D071B4 /* 0x04.json in Resources */ = {isa = PBXBuildFile; fileRef = 8656462024238C6300D071B4 /* 0x04.json */; };
		8656462B24238C6300D071B4 /* 0x05.json in Resources */ = {isa = PBXBuildFile; fileRef = 8656462124238C6300D071B4 /* 0x05.json */; };
		8656462D2423941500D071B4 /* 0x01.json in Resources */ = {isa = PBXBuildFile; fileRef = 8656461B24238BF400D071B4 /* 0x01.json */; };
		8656462E2423941500D071B4 /* 0x02.json in Resources */ = {isa = PBXBuildFile; fileRef = 8656461E24238C6300D071B4 /* 0x02.json */; };
		8656462F2423941500D071B4 /* 0x03.json in Resources */ = {isa = PBXBuildFile; fileRef = 8656461F24238C6300D071B4 /* 0x03.json */; };
		865646302423941500D071B4 /* 0x04.json in Resources */ = {isa = PBXBuildFile; fileRef = 8656462024238C6300D071B4 /* 0x04.json */; };
		865646312423941500D071B4 /* 0x05.json in Resources */ = {isa = PBXBuildFile; fileRef = 8656462124238C6300D071B4 /* 0x05.json */; };
		865646332423A7D500D071B4 /* views_from_server.json in Resources */ = {isa = PBXBuildFile; fileRef = 865646322423A7D500D071B4 /* views_from_server.json */; };
		865646342423A7D500D071B4 /* views_from_server.json in Resources */ = {isa = PBXBuildFile; fileRef = 865646322423A7D500D071B4 /* views_from_server.json */; };
		8665ADD7241A8120005B3FA5 /* Main.swift in Sources */ = {isa = PBXBuildFile; fileRef = 8665ADD6241A8120005B3FA5 /* Main.swift */; };
		8665ADD9241A8387005B3FA5 /* cache.swift in Sources */ = {isa = PBXBuildFile; fileRef = 8665ADD8241A8387005B3FA5 /* cache.swift */; };
		86677DEB242A6751007A4782 /* CacheTest.swift in Sources */ = {isa = PBXBuildFile; fileRef = 86677DEA242A6751007A4782 /* CacheTest.swift */; };
		869789EA24344A530003756B /* schema.swift in Sources */ = {isa = PBXBuildFile; fileRef = 869789E924344A530003756B /* schema.swift */; };
		869789EC24344C7E0003756B /* HeterogeneousCollections.swift in Sources */ = {isa = PBXBuildFile; fileRef = 869789EB24344C7E0003756B /* HeterogeneousCollections.swift */; };
		869789EE2434CC750003756B /* settings.swift in Sources */ = {isa = PBXBuildFile; fileRef = 869789ED2434CC750003756B /* settings.swift */; };
		86A5D83A2437321700F8FAD8 /* Sync.swift in Sources */ = {isa = PBXBuildFile; fileRef = 86A5D8392437321700F8FAD8 /* Sync.swift */; };
		C80442D62427192300FE39A0 /* ContextPaneForground.swift in Sources */ = {isa = PBXBuildFile; fileRef = C80442D52427192300FE39A0 /* ContextPaneForground.swift */; };
		C806E06E2426694300C050E9 /* ContextPaneBackground.swift in Sources */ = {isa = PBXBuildFile; fileRef = C806E06D2426694300C050E9 /* ContextPaneBackground.swift */; };
		C818E610241D365F0051E653 /* Shapes.swift in Sources */ = {isa = PBXBuildFile; fileRef = C818E60F241D365F0051E653 /* Shapes.swift */; };
		C8630B2C2418609200C36D6F /* ContextPane.swift in Sources */ = {isa = PBXBuildFile; fileRef = C8630B2B2418609200C36D6F /* ContextPane.swift */; };
		C8A6F739241993AD00FF8183 /* Localizable.strings in Resources */ = {isa = PBXBuildFile; fileRef = C8A6F73B241993AD00FF8183 /* Localizable.strings */; };
		CD0CA40A2E243DE328785811 /* Pods_memriTests.framework in Frameworks */ = {isa = PBXBuildFile; fileRef = 6551CB4D7D91FE1BA11F3BCA /* Pods_memriTests.framework */; };
/* End PBXBuildFile section */

/* Begin PBXContainerItemProxy section */
		5D599BCE23F2B77700F218A0 /* PBXContainerItemProxy */ = {
			isa = PBXContainerItemProxy;
			containerPortal = 5D599BAF23F2B77500F218A0 /* Project object */;
			proxyType = 1;
			remoteGlobalIDString = 5D599BB623F2B77500F218A0;
			remoteInfo = memri;
		};
		5D599BD923F2B77700F218A0 /* PBXContainerItemProxy */ = {
			isa = PBXContainerItemProxy;
			containerPortal = 5D599BAF23F2B77500F218A0 /* Project object */;
			proxyType = 1;
			remoteGlobalIDString = 5D599BB623F2B77500F218A0;
			remoteInfo = memri;
		};
/* End PBXContainerItemProxy section */

/* Begin PBXCopyFilesBuildPhase section */
		5D409110242E166F00911641 /* Embed Frameworks */ = {
			isa = PBXCopyFilesBuildPhase;
			buildActionMask = 2147483647;
			dstPath = "";
			dstSubfolderSpec = 10;
			files = (
			);
			name = "Embed Frameworks";
			runOnlyForDeploymentPostprocessing = 0;
		};
/* End PBXCopyFilesBuildPhase section */

/* Begin PBXFileReference section */
		0BDCFFCAD6ADE06AD5B96FFC /* Pods-memri.debug.xcconfig */ = {isa = PBXFileReference; includeInIndex = 1; lastKnownFileType = text.xcconfig; name = "Pods-memri.debug.xcconfig"; path = "Target Support Files/Pods-memri/Pods-memri.debug.xcconfig"; sourceTree = "<group>"; };
		5D0A28B5240671C700398B17 /* memriTests.xctest */ = {isa = PBXFileReference; explicitFileType = wrapper.cfbundle; includeInIndex = 0; path = memriTests.xctest; sourceTree = BUILT_PRODUCTS_DIR; };
		5D0A28B6240671C700398B17 /* memriUITests.xctest */ = {isa = PBXFileReference; explicitFileType = wrapper.cfbundle; includeInIndex = 0; path = memriUITests.xctest; sourceTree = BUILT_PRODUCTS_DIR; };
		5D0A28B7240677EE00398B17 /* test_dataItems.json */ = {isa = PBXFileReference; lastKnownFileType = text.json; path = test_dataItems.json; sourceTree = "<group>"; };
		5D0A28B8240678EE00398B17 /* ModelTest.swift */ = {isa = PBXFileReference; lastKnownFileType = sourcecode.swift; path = ModelTest.swift; sourceTree = "<group>"; };
		5D0A28C124069A6500398B17 /* SessionsViewTest.swift */ = {isa = PBXFileReference; lastKnownFileType = sourcecode.swift; path = SessionsViewTest.swift; sourceTree = "<group>"; };
		5D0EBA262404036600D9D842 /* Renderer_v1.swift */ = {isa = PBXFileReference; lastKnownFileType = sourcecode.swift; path = Renderer_v1.swift; sourceTree = "<group>"; };
		5D0EBA2824040D6300D9D842 /* Browser_v1.swift */ = {isa = PBXFileReference; lastKnownFileType = sourcecode.swift; path = Browser_v1.swift; sourceTree = "<group>"; };
		5D1A3E63240704D000A0583B /* CodablePublishedExtension.swift */ = {isa = PBXFileReference; lastKnownFileType = sourcecode.swift; path = CodablePublishedExtension.swift; sourceTree = "<group>"; };
		5D1A3E652408035A00A0583B /* empty_sessionview.json */ = {isa = PBXFileReference; lastKnownFileType = text.json; path = empty_sessionview.json; sourceTree = "<group>"; };
		5D1A3E68240807C100A0583B /* SessionTest.swift */ = {isa = PBXFileReference; lastKnownFileType = sourcecode.swift; path = SessionTest.swift; sourceTree = "<group>"; };
		5D1A3E6A2408086800A0583B /* Session_v1.swift */ = {isa = PBXFileReference; lastKnownFileType = sourcecode.swift; path = Session_v1.swift; sourceTree = "<group>"; };
		5D1A3E6C2408099900A0583B /* empty_session.json */ = {isa = PBXFileReference; lastKnownFileType = text.json; path = empty_session.json; sourceTree = "<group>"; };
		5D228B032432275600464506 /* ActionDescription.swift */ = {isa = PBXFileReference; lastKnownFileType = sourcecode.swift; path = ActionDescription.swift; sourceTree = "<group>"; };
		5D228B052432385300464506 /* Action.swift */ = {isa = PBXFileReference; lastKnownFileType = sourcecode.swift; path = Action.swift; sourceTree = "<group>"; };
		5D228B072432416F00464506 /* ActionTest.swift */ = {isa = PBXFileReference; lastKnownFileType = sourcecode.swift; name = ActionTest.swift; path = memri/control/ActionTest.swift; sourceTree = SOURCE_ROOT; };
		5D2492FA2434E75A00BCE8DD /* RendererObjects.swift */ = {isa = PBXFileReference; lastKnownFileType = sourcecode.swift; path = RendererObjects.swift; sourceTree = "<group>"; };
		5D2934EF23FEA1CD0073E25F /* DataStore.swift */ = {isa = PBXFileReference; lastKnownFileType = sourcecode.swift; path = DataStore.swift; sourceTree = "<group>"; };
		5D38DE10240576D200FF9B70 /* PodAPITest.swift */ = {isa = PBXFileReference; lastKnownFileType = sourcecode.swift; path = PodAPITest.swift; sourceTree = "<group>"; };
		5D38DE122405775400FF9B70 /* api.swift */ = {isa = PBXFileReference; lastKnownFileType = sourcecode.swift; path = api.swift; sourceTree = "<group>"; };
		5D38DE142405776300FF9B70 /* control.swift */ = {isa = PBXFileReference; lastKnownFileType = sourcecode.swift; path = control.swift; sourceTree = "<group>"; };
		5D38DE162405776B00FF9B70 /* model.swift */ = {isa = PBXFileReference; lastKnownFileType = sourcecode.swift; path = model.swift; sourceTree = "<group>"; };
		5D38DE18240577BA00FF9B70 /* SessionView.swift */ = {isa = PBXFileReference; lastKnownFileType = sourcecode.swift; path = SessionView.swift; sourceTree = "<group>"; };
		5D38DE3F240581E500FF9B70 /* memri.app */ = {isa = PBXFileReference; explicitFileType = wrapper.application; includeInIndex = 0; path = memri.app; sourceTree = BUILT_PRODUCTS_DIR; };
		5D3D961E24164B240004040E /* CodeExtended.swift */ = {isa = PBXFileReference; lastKnownFileType = sourcecode.swift; path = CodeExtended.swift; sourceTree = "<group>"; };
		5D3D9620241675100004040E /* util.swift */ = {isa = PBXFileReference; lastKnownFileType = sourcecode.swift; path = util.swift; sourceTree = "<group>"; };
		5D414AD7242B875F00A3DDFA /* FilterPanel.swift */ = {isa = PBXFileReference; lastKnownFileType = sourcecode.swift; path = FilterPanel.swift; sourceTree = "<group>"; };
		5D41618A23FFE2730017EC4A /* TestView.swift */ = {isa = PBXFileReference; lastKnownFileType = sourcecode.swift; path = TestView.swift; sourceTree = "<group>"; };
		5D493FDD23FC15FF0034692B /* RichTextRenderer.swift */ = {isa = PBXFileReference; lastKnownFileType = sourcecode.swift; path = RichTextRenderer.swift; sourceTree = "<group>"; };
		5D599BBA23F2B77500F218A0 /* AppDelegate.swift */ = {isa = PBXFileReference; lastKnownFileType = sourcecode.swift; path = AppDelegate.swift; sourceTree = "<group>"; };
		5D599BBC23F2B77500F218A0 /* SceneDelegate.swift */ = {isa = PBXFileReference; lastKnownFileType = sourcecode.swift; path = SceneDelegate.swift; sourceTree = "<group>"; };
		5D599BBE23F2B77500F218A0 /* Browser.swift */ = {isa = PBXFileReference; lastKnownFileType = sourcecode.swift; path = Browser.swift; sourceTree = "<group>"; };
		5D599BC023F2B77700F218A0 /* Assets.xcassets */ = {isa = PBXFileReference; lastKnownFileType = folder.assetcatalog; path = Assets.xcassets; sourceTree = "<group>"; };
		5D599BC323F2B77700F218A0 /* Preview Assets.xcassets */ = {isa = PBXFileReference; lastKnownFileType = folder.assetcatalog; path = "Preview Assets.xcassets"; sourceTree = "<group>"; };
		5D599BC623F2B77700F218A0 /* Base */ = {isa = PBXFileReference; lastKnownFileType = file.storyboard; name = Base; path = Base.lproj/LaunchScreen.storyboard; sourceTree = "<group>"; };
		5D599BC823F2B77700F218A0 /* Info.plist */ = {isa = PBXFileReference; lastKnownFileType = text.plist.xml; path = Info.plist; sourceTree = "<group>"; };
		5D599BD323F2B77700F218A0 /* Info.plist */ = {isa = PBXFileReference; lastKnownFileType = text.plist.xml; path = Info.plist; sourceTree = "<group>"; };
		5D599BDC23F2B77700F218A0 /* memriUITests.swift */ = {isa = PBXFileReference; lastKnownFileType = sourcecode.swift; path = memriUITests.swift; sourceTree = "<group>"; };
		5D599BDE23F2B77700F218A0 /* Info.plist */ = {isa = PBXFileReference; lastKnownFileType = text.plist.xml; path = Info.plist; sourceTree = "<group>"; };
		5D599BEB23F2B87600F218A0 /* memriPlayground.playground */ = {isa = PBXFileReference; lastKnownFileType = file.playground; path = memriPlayground.playground; sourceTree = "<group>"; xcLanguageSpecificationIdentifier = xcode.lang.swift; };
		5D78D0682424D4D900F7BD3B /* Navigation.swift */ = {isa = PBXFileReference; lastKnownFileType = sourcecode.swift; path = Navigation.swift; sourceTree = "<group>"; };
		5D78D06A242500A500F7BD3B /* navigationItems.json */ = {isa = PBXFileReference; fileEncoding = 4; lastKnownFileType = text.json; path = navigationItems.json; sourceTree = "<group>"; };
		5D78D06D242512FB00F7BD3B /* NavigationTest.swift */ = {isa = PBXFileReference; lastKnownFileType = sourcecode.swift; name = NavigationTest.swift; path = memri/control/NavigationTest.swift; sourceTree = SOURCE_ROOT; };
		5D78D071242531BE00F7BD3B /* NavigationItem.swift */ = {isa = PBXFileReference; lastKnownFileType = sourcecode.swift; path = NavigationItem.swift; sourceTree = "<group>"; };
		5D81A07D243343CF006E1FA9 /* ActionName.swift */ = {isa = PBXFileReference; lastKnownFileType = sourcecode.swift; path = ActionName.swift; sourceTree = "<group>"; };
		5D90464E243616B000632492 /* color.swift */ = {isa = PBXFileReference; lastKnownFileType = sourcecode.swift; path = color.swift; sourceTree = "<group>"; };
		5D904653243628AB00632492 /* RendererConfigs.swift */ = {isa = PBXFileReference; lastKnownFileType = sourcecode.swift; path = RendererConfigs.swift; sourceTree = "<group>"; };
		5D98DBD8243B598100046F3E /* MainActions.swift */ = {isa = PBXFileReference; lastKnownFileType = sourcecode.swift; path = MainActions.swift; sourceTree = "<group>"; };
		5DB66FB42431DD41007736D6 /* mainTest.swift */ = {isa = PBXFileReference; lastKnownFileType = sourcecode.swift; path = mainTest.swift; sourceTree = "<group>"; };
		5DB66FB62431DEB0007736D6 /* realmTest.swift */ = {isa = PBXFileReference; lastKnownFileType = sourcecode.swift; path = realmTest.swift; sourceTree = "<group>"; };
		5DC1692524093BD300367905 /* sessions_manually_expanded.json */ = {isa = PBXFileReference; lastKnownFileType = text.json; path = sessions_manually_expanded.json; sourceTree = "<group>"; };
		5DC1692624093C3900367905 /* sessions_manually_single.json */ = {isa = PBXFileReference; fileEncoding = 4; lastKnownFileType = text.json; path = sessions_manually_single.json; sourceTree = "<group>"; };
		5DC1692B2409453200367905 /* empty_sessions.json */ = {isa = PBXFileReference; fileEncoding = 4; lastKnownFileType = text.json; path = empty_sessions.json; sourceTree = "<group>"; };
		5DD17B59241252D90018A8F1 /* add_action.json */ = {isa = PBXFileReference; fileEncoding = 4; lastKnownFileType = text.json; path = add_action.json; sourceTree = "<group>"; };
		5DD17B5C2412677D0018A8F1 /* DefaultCodingKeys.swift */ = {isa = PBXFileReference; lastKnownFileType = sourcecode.swift; path = DefaultCodingKeys.swift; sourceTree = "<group>"; };
		5DD17B67241294CC0018A8F1 /* AnyCodable.swift */ = {isa = PBXFileReference; lastKnownFileType = sourcecode.swift; path = AnyCodable.swift; sourceTree = "<group>"; };
		5DD17B6A241294DC0018A8F1 /* AnyDecodable.swift */ = {isa = PBXFileReference; lastKnownFileType = sourcecode.swift; path = AnyDecodable.swift; sourceTree = "<group>"; };
		5DD17B6D241294E90018A8F1 /* AnyEncodable.swift */ = {isa = PBXFileReference; lastKnownFileType = sourcecode.swift; path = AnyEncodable.swift; sourceTree = "<group>"; };
		5DD1E9B223FD7E59007BDF7B /* TopNavigation.swift */ = {isa = PBXFileReference; lastKnownFileType = sourcecode.swift; path = TopNavigation.swift; sourceTree = "<group>"; };
		5DD1E9B423FD7EB1007BDF7B /* Search.swift */ = {isa = PBXFileReference; lastKnownFileType = sourcecode.swift; path = Search.swift; sourceTree = "<group>"; };
		5DD1E9B723FD814E007BDF7B /* Note.swift */ = {isa = PBXFileReference; lastKnownFileType = sourcecode.swift; path = Note.swift; sourceTree = "<group>"; };
		5DD1E9B923FD81C5007BDF7B /* Renderer.swift */ = {isa = PBXFileReference; lastKnownFileType = sourcecode.swift; path = Renderer.swift; sourceTree = "<group>"; };
		5DD28B762417BAF900CE9F6A /* ThumbnailRenderer.swift */ = {isa = PBXFileReference; lastKnownFileType = sourcecode.swift; path = ThumbnailRenderer.swift; sourceTree = "<group>"; };
		5DE95A66241BC92E003ABA63 /* openview_action.json */ = {isa = PBXFileReference; fileEncoding = 4; lastKnownFileType = text.json; path = openview_action.json; sourceTree = "<group>"; };
		5DE95A69241BC954003ABA63 /* DecodableDict.swift */ = {isa = PBXFileReference; lastKnownFileType = sourcecode.swift; path = DecodableDict.swift; sourceTree = "<group>"; };
		5DE95A6C241BCD34003ABA63 /* back_action.json */ = {isa = PBXFileReference; fileEncoding = 4; lastKnownFileType = text.json; path = back_action.json; sourceTree = "<group>"; };
		5DF96DCD2417AA2B0051EA45 /* ListRenderer.swift */ = {isa = PBXFileReference; lastKnownFileType = sourcecode.swift; path = ListRenderer.swift; sourceTree = "<group>"; };
		5DFB0CBE24179FA6002FBDE7 /* Session.swift */ = {isa = PBXFileReference; lastKnownFileType = sourcecode.swift; path = Session.swift; sourceTree = "<group>"; };
		6551CB4D7D91FE1BA11F3BCA /* Pods_memriTests.framework */ = {isa = PBXFileReference; explicitFileType = wrapper.framework; includeInIndex = 0; path = Pods_memriTests.framework; sourceTree = BUILT_PRODUCTS_DIR; };
		75A2622B303AD831114E4167 /* Pods-memri-memriUITests.release.xcconfig */ = {isa = PBXFileReference; includeInIndex = 1; lastKnownFileType = text.xcconfig; name = "Pods-memri-memriUITests.release.xcconfig"; path = "Target Support Files/Pods-memri-memriUITests/Pods-memri-memriUITests.release.xcconfig"; sourceTree = "<group>"; };
		7EBEF912311A82914DCE2C3D /* Pods-memriTests.release.xcconfig */ = {isa = PBXFileReference; includeInIndex = 1; lastKnownFileType = text.xcconfig; name = "Pods-memriTests.release.xcconfig"; path = "Target Support Files/Pods-memriTests/Pods-memriTests.release.xcconfig"; sourceTree = "<group>"; };
		861439F12435942A008D6B5B /* Installer.swift */ = {isa = PBXFileReference; lastKnownFileType = sourcecode.swift; path = Installer.swift; sourceTree = "<group>"; };
		861439F42435AF8C008D6B5B /* test_sessions.json */ = {isa = PBXFileReference; lastKnownFileType = text.json; path = test_sessions.json; sourceTree = "<group>"; };
		86229DCB243508B00013750A /* default_settings.json */ = {isa = PBXFileReference; lastKnownFileType = text.json; path = default_settings.json; sourceTree = "<group>"; };
		8656461324222C2000D071B4 /* Application.swift */ = {isa = PBXFileReference; lastKnownFileType = sourcecode.swift; path = Application.swift; sourceTree = "<group>"; };
		865646152422B68A00D071B4 /* default_sessions.json */ = {isa = PBXFileReference; lastKnownFileType = text.json; path = default_sessions.json; sourceTree = "<group>"; };
		865646172422B6A700D071B4 /* notes_from_server.json */ = {isa = PBXFileReference; lastKnownFileType = text.json; path = notes_from_server.json; sourceTree = "<group>"; };
		8656461B24238BF400D071B4 /* 0x01.json */ = {isa = PBXFileReference; lastKnownFileType = text.json; path = 0x01.json; sourceTree = "<group>"; };
		8656461E24238C6300D071B4 /* 0x02.json */ = {isa = PBXFileReference; fileEncoding = 4; lastKnownFileType = text.json; path = 0x02.json; sourceTree = "<group>"; };
		8656461F24238C6300D071B4 /* 0x03.json */ = {isa = PBXFileReference; fileEncoding = 4; lastKnownFileType = text.json; path = 0x03.json; sourceTree = "<group>"; };
		8656462024238C6300D071B4 /* 0x04.json */ = {isa = PBXFileReference; fileEncoding = 4; lastKnownFileType = text.json; path = 0x04.json; sourceTree = "<group>"; };
		8656462124238C6300D071B4 /* 0x05.json */ = {isa = PBXFileReference; fileEncoding = 4; lastKnownFileType = text.json; path = 0x05.json; sourceTree = "<group>"; };
		865646322423A7D500D071B4 /* views_from_server.json */ = {isa = PBXFileReference; lastKnownFileType = text.json; path = views_from_server.json; sourceTree = "<group>"; };
		8665ADD6241A8120005B3FA5 /* Main.swift */ = {isa = PBXFileReference; lastKnownFileType = sourcecode.swift; path = Main.swift; sourceTree = "<group>"; };
		8665ADD8241A8387005B3FA5 /* cache.swift */ = {isa = PBXFileReference; lastKnownFileType = sourcecode.swift; path = cache.swift; sourceTree = "<group>"; };
		86677DEA242A6751007A4782 /* CacheTest.swift */ = {isa = PBXFileReference; lastKnownFileType = sourcecode.swift; path = CacheTest.swift; sourceTree = "<group>"; };
		869789E924344A530003756B /* schema.swift */ = {isa = PBXFileReference; lastKnownFileType = sourcecode.swift; path = schema.swift; sourceTree = "<group>"; };
		869789EB24344C7E0003756B /* HeterogeneousCollections.swift */ = {isa = PBXFileReference; lastKnownFileType = sourcecode.swift; path = HeterogeneousCollections.swift; sourceTree = "<group>"; };
		869789ED2434CC750003756B /* settings.swift */ = {isa = PBXFileReference; lastKnownFileType = sourcecode.swift; path = settings.swift; sourceTree = "<group>"; };
		86A5D8392437321700F8FAD8 /* Sync.swift */ = {isa = PBXFileReference; lastKnownFileType = sourcecode.swift; path = Sync.swift; sourceTree = "<group>"; };
		980D4DE8C9576CFA4D2381F4 /* Pods-memriTests.debug.xcconfig */ = {isa = PBXFileReference; includeInIndex = 1; lastKnownFileType = text.xcconfig; name = "Pods-memriTests.debug.xcconfig"; path = "Target Support Files/Pods-memriTests/Pods-memriTests.debug.xcconfig"; sourceTree = "<group>"; };
		BCCEE8B1F884BC6A1E5D05EA /* Pods_memri_memriUITests.framework */ = {isa = PBXFileReference; explicitFileType = wrapper.framework; includeInIndex = 0; path = Pods_memri_memriUITests.framework; sourceTree = BUILT_PRODUCTS_DIR; };
		C80442D52427192300FE39A0 /* ContextPaneForground.swift */ = {isa = PBXFileReference; lastKnownFileType = sourcecode.swift; path = ContextPaneForground.swift; sourceTree = "<group>"; };
		C806E06D2426694300C050E9 /* ContextPaneBackground.swift */ = {isa = PBXFileReference; lastKnownFileType = sourcecode.swift; path = ContextPaneBackground.swift; sourceTree = "<group>"; };
		C818E60F241D365F0051E653 /* Shapes.swift */ = {isa = PBXFileReference; lastKnownFileType = sourcecode.swift; path = Shapes.swift; sourceTree = "<group>"; };
		C8630B2B2418609200C36D6F /* ContextPane.swift */ = {isa = PBXFileReference; lastKnownFileType = sourcecode.swift; path = ContextPane.swift; sourceTree = "<group>"; };
		C8A6F7342419926600FF8183 /* nl */ = {isa = PBXFileReference; lastKnownFileType = text.plist.strings; name = nl; path = nl.lproj/LaunchScreen.strings; sourceTree = "<group>"; };
		C8A6F736241992ED00FF8183 /* en */ = {isa = PBXFileReference; lastKnownFileType = text.plist.strings; name = en; path = en.lproj/LaunchScreen.strings; sourceTree = "<group>"; };
		C8A6F73A241993AD00FF8183 /* en */ = {isa = PBXFileReference; lastKnownFileType = text.plist.strings; name = en; path = en.lproj/Localizable.strings; sourceTree = "<group>"; };
		C8A6F73C241993CA00FF8183 /* nl */ = {isa = PBXFileReference; lastKnownFileType = text.plist.strings; name = nl; path = nl.lproj/Localizable.strings; sourceTree = "<group>"; };
		CBFBAB361D2E7658A14EB0EE /* Pods_memri.framework */ = {isa = PBXFileReference; explicitFileType = wrapper.framework; includeInIndex = 0; path = Pods_memri.framework; sourceTree = BUILT_PRODUCTS_DIR; };
		E5BF27DE55B6CCEED184A224 /* Pods-memri-memriUITests.debug.xcconfig */ = {isa = PBXFileReference; includeInIndex = 1; lastKnownFileType = text.xcconfig; name = "Pods-memri-memriUITests.debug.xcconfig"; path = "Target Support Files/Pods-memri-memriUITests/Pods-memri-memriUITests.debug.xcconfig"; sourceTree = "<group>"; };
		FF4C9A97AC0C656DB1E64385 /* Pods-memri.release.xcconfig */ = {isa = PBXFileReference; includeInIndex = 1; lastKnownFileType = text.xcconfig; name = "Pods-memri.release.xcconfig"; path = "Target Support Files/Pods-memri/Pods-memri.release.xcconfig"; sourceTree = "<group>"; };
/* End PBXFileReference section */

/* Begin PBXFrameworksBuildPhase section */
		5D599BB423F2B77500F218A0 /* Frameworks */ = {
			isa = PBXFrameworksBuildPhase;
			buildActionMask = 2147483647;
			files = (
				5DA7BAFB241A72640087B81D /* QGrid in Frameworks */,
				5DD17B61241293010018A8F1 /* AnyCodable in Frameworks */,
				39FDADE8F88621C2AA70F24A /* Pods_memri.framework in Frameworks */,
			);
			runOnlyForDeploymentPostprocessing = 0;
		};
		5D599BCA23F2B77700F218A0 /* Frameworks */ = {
			isa = PBXFrameworksBuildPhase;
			buildActionMask = 2147483647;
			files = (
				CD0CA40A2E243DE328785811 /* Pods_memriTests.framework in Frameworks */,
			);
			runOnlyForDeploymentPostprocessing = 0;
		};
		5D599BD523F2B77700F218A0 /* Frameworks */ = {
			isa = PBXFrameworksBuildPhase;
			buildActionMask = 2147483647;
			files = (
				1BCB0599F5AC5209AA5EA280 /* Pods_memri_memriUITests.framework in Frameworks */,
			);
			runOnlyForDeploymentPostprocessing = 0;
		};
/* End PBXFrameworksBuildPhase section */

/* Begin PBXGroup section */
		37D1450C778B6676F3F42425 /* Pods */ = {
			isa = PBXGroup;
			children = (
				0BDCFFCAD6ADE06AD5B96FFC /* Pods-memri.debug.xcconfig */,
				FF4C9A97AC0C656DB1E64385 /* Pods-memri.release.xcconfig */,
				E5BF27DE55B6CCEED184A224 /* Pods-memri-memriUITests.debug.xcconfig */,
				75A2622B303AD831114E4167 /* Pods-memri-memriUITests.release.xcconfig */,
				980D4DE8C9576CFA4D2381F4 /* Pods-memriTests.debug.xcconfig */,
				7EBEF912311A82914DCE2C3D /* Pods-memriTests.release.xcconfig */,
			);
			path = Pods;
			sourceTree = "<group>";
		};
		5D0A28BC2406834700398B17 /* data */ = {
			isa = PBXGroup;
			children = (
				5DE95A6F241BD60B003ABA63 /* actions */,
				5DC1692524093BD300367905 /* sessions_manually_expanded.json */,
				865646322423A7D500D071B4 /* views_from_server.json */,
				8656461B24238BF400D071B4 /* 0x01.json */,
				8656461E24238C6300D071B4 /* 0x02.json */,
				8656461F24238C6300D071B4 /* 0x03.json */,
				8656462024238C6300D071B4 /* 0x04.json */,
				8656462124238C6300D071B4 /* 0x05.json */,
				5DC1692624093C3900367905 /* sessions_manually_single.json */,
				5D1A3E6C2408099900A0583B /* empty_session.json */,
				5D1A3E652408035A00A0583B /* empty_sessionview.json */,
				5D78D06A242500A500F7BD3B /* navigationItems.json */,
				5DC1692B2409453200367905 /* empty_sessions.json */,
				865646152422B68A00D071B4 /* default_sessions.json */,
				861439F42435AF8C008D6B5B /* test_sessions.json */,
				5D0A28B7240677EE00398B17 /* test_dataItems.json */,
				865646172422B6A700D071B4 /* notes_from_server.json */,
				86229DCB243508B00013750A /* default_settings.json */,
			);
			path = data;
			sourceTree = "<group>";
		};
		5D0A28BD24069A3000398B17 /* api */ = {
			isa = PBXGroup;
			children = (
				5D38DE10240576D200FF9B70 /* PodAPITest.swift */,
			);
			path = api;
			sourceTree = "<group>";
		};
		5D0A28BE24069A3800398B17 /* model */ = {
			isa = PBXGroup;
			children = (
				5D0A28B8240678EE00398B17 /* ModelTest.swift */,
				86677DEA242A6751007A4782 /* CacheTest.swift */,
				5DB66FB62431DEB0007736D6 /* realmTest.swift */,
			);
			path = model;
			sourceTree = "<group>";
		};
		5D0A28BF24069A4600398B17 /* view */ = {
			isa = PBXGroup;
			children = (
				5D0A28C124069A6500398B17 /* SessionsViewTest.swift */,
				5D1A3E68240807C100A0583B /* SessionTest.swift */,
			);
			path = view;
			sourceTree = "<group>";
		};
		5D0A28C024069A4E00398B17 /* control */ = {
			isa = PBXGroup;
			children = (
				5D78D06D242512FB00F7BD3B /* NavigationTest.swift */,
				5D228B072432416F00464506 /* ActionTest.swift */,
			);
			path = control;
			sourceTree = "<group>";
		};
		5D0A28C624069DA300398B17 /* deprecated */ = {
			isa = PBXGroup;
			children = (
				5D0EBA262404036600D9D842 /* Renderer_v1.swift */,
				5D0EBA2824040D6300D9D842 /* Browser_v1.swift */,
				5D38DE142405776300FF9B70 /* control.swift */,
				5D41618A23FFE2730017EC4A /* TestView.swift */,
				5D2934EF23FEA1CD0073E25F /* DataStore.swift */,
				5DD1E9B723FD814E007BDF7B /* Note.swift */,
				5D1A3E6A2408086800A0583B /* Session_v1.swift */,
			);
			path = deprecated;
			sourceTree = "<group>";
		};
		5D1A3E62240704BF00A0583B /* extension */ = {
			isa = PBXGroup;
			children = (
				5D90464D243616A100632492 /* color */,
				5D3D96222416764A0004040E /* codable */,
			);
			path = extension;
			sourceTree = "<group>";
		};
		5D2492F82434E72800BCE8DD /* renderer */ = {
			isa = PBXGroup;
			children = (
				5D493FDD23FC15FF0034692B /* RichTextRenderer.swift */,
				5DD1E9B923FD81C5007BDF7B /* Renderer.swift */,
				5DF96DCD2417AA2B0051EA45 /* ListRenderer.swift */,
				5DD28B762417BAF900CE9F6A /* ThumbnailRenderer.swift */,
			);
			path = renderer;
			sourceTree = "<group>";
		};
		5D2492F92434E74700BCE8DD /* rendererObject */ = {
			isa = PBXGroup;
			children = (
				5D2492FA2434E75A00BCE8DD /* RendererObjects.swift */,
			);
			path = rendererObject;
			sourceTree = "<group>";
		};
		5D38DE1B2405788700FF9B70 /* api */ = {
			isa = PBXGroup;
			children = (
				5D38DE122405775400FF9B70 /* api.swift */,
			);
			path = api;
			sourceTree = "<group>";
		};
		5D3D96222416764A0004040E /* codable */ = {
			isa = PBXGroup;
			children = (
				5D1A3E63240704D000A0583B /* CodablePublishedExtension.swift */,
				5DD17B5C2412677D0018A8F1 /* DefaultCodingKeys.swift */,
				5DD17B67241294CC0018A8F1 /* AnyCodable.swift */,
				5DD17B6A241294DC0018A8F1 /* AnyDecodable.swift */,
				5DD17B6D241294E90018A8F1 /* AnyEncodable.swift */,
				5D3D961E24164B240004040E /* CodeExtended.swift */,
				5DE95A69241BC954003ABA63 /* DecodableDict.swift */,
				869789EB24344C7E0003756B /* HeterogeneousCollections.swift */,
			);
			path = codable;
			sourceTree = "<group>";
		};
		5D406F2223F5667C00F98616 /* playground */ = {
			isa = PBXGroup;
			children = (
				5D599BEB23F2B87600F218A0 /* memriPlayground.playground */,
			);
			path = playground;
			sourceTree = "<group>";
		};
		5D414AD6242B4E4700A3DDFA /* contextpane */ = {
			isa = PBXGroup;
			children = (
				C8630B2B2418609200C36D6F /* ContextPane.swift */,
				C806E06D2426694300C050E9 /* ContextPaneBackground.swift */,
				C80442D52427192300FE39A0 /* ContextPaneForground.swift */,
			);
			path = contextpane;
			sourceTree = "<group>";
		};
		5D41E2A52417A20E001D4482 /* renderer */ = {
			isa = PBXGroup;
			children = (
				5D9046522436289200632492 /* renderConfig */,
				5D2492F92434E74700BCE8DD /* rendererObject */,
				5D2492F82434E72800BCE8DD /* renderer */,
			);
			path = renderer;
			sourceTree = "<group>";
		};
		5D493FDC23FC15D10034692B /* view */ = {
			isa = PBXGroup;
			children = (
				5D81A07C243343AF006E1FA9 /* action */,
				5DFB0CBE24179FA6002FBDE7 /* Session.swift */,
				5D38DE18240577BA00FF9B70 /* SessionView.swift */,
			);
			path = view;
			sourceTree = "<group>";
		};
		5D599BAE23F2B77500F218A0 = {
			isa = PBXGroup;
			children = (
				5D0A28C624069DA300398B17 /* deprecated */,
				5D406F2223F5667C00F98616 /* playground */,
				5D599BB923F2B77500F218A0 /* memri */,
				5D599BD023F2B77700F218A0 /* memriTests */,
				5D599BDB23F2B77700F218A0 /* memriUITests */,
				5D38DE3F240581E500FF9B70 /* memri.app */,
				5D0A28B5240671C700398B17 /* memriTests.xctest */,
				5D0A28B6240671C700398B17 /* memriUITests.xctest */,
				8624530424268E2A0017393F /* Frameworks */,
				37D1450C778B6676F3F42425 /* Pods */,
			);
			sourceTree = "<group>";
		};
		5D599BB923F2B77500F218A0 /* memri */ = {
			isa = PBXGroup;
			children = (
				5D98DBD7243B596D00046F3E /* main */,
				5DFB0CB824179DFC002FBDE7 /* control */,
				5D1A3E62240704BF00A0583B /* extension */,
				5D38DE1B2405788700FF9B70 /* api */,
				5DD1E9B623FD812C007BDF7B /* model */,
				5D493FDC23FC15D10034692B /* view */,
				C818E60B241C3D640051E653 /* Utilities */,
				5D599BC223F2B77700F218A0 /* Preview Content */,
				C8A6F7332419907D00FF8183 /* Resources */,
				5D599BBA23F2B77500F218A0 /* AppDelegate.swift */,
				861439F12435942A008D6B5B /* Installer.swift */,
				5D599BBC23F2B77500F218A0 /* SceneDelegate.swift */,
				5D599BC823F2B77700F218A0 /* Info.plist */,
			);
			path = memri;
			sourceTree = "<group>";
		};
		5D599BC223F2B77700F218A0 /* Preview Content */ = {
			isa = PBXGroup;
			children = (
				5D599BC323F2B77700F218A0 /* Preview Assets.xcassets */,
			);
			path = "Preview Content";
			sourceTree = "<group>";
		};
		5D599BD023F2B77700F218A0 /* memriTests */ = {
			isa = PBXGroup;
			children = (
				5DB66FB32431DD2D007736D6 /* main */,
				5D0A28C024069A4E00398B17 /* control */,
				5D0A28BF24069A4600398B17 /* view */,
				5D0A28BE24069A3800398B17 /* model */,
				5D0A28BD24069A3000398B17 /* api */,
				5D0A28BC2406834700398B17 /* data */,
				5D599BD323F2B77700F218A0 /* Info.plist */,
			);
			path = memriTests;
			sourceTree = "<group>";
		};
		5D599BDB23F2B77700F218A0 /* memriUITests */ = {
			isa = PBXGroup;
			children = (
				5D599BDC23F2B77700F218A0 /* memriUITests.swift */,
				5D599BDE23F2B77700F218A0 /* Info.plist */,
			);
			path = memriUITests;
			sourceTree = "<group>";
		};
		5D78D0702425319400F7BD3B /* Navigation */ = {
			isa = PBXGroup;
			children = (
				5D78D0682424D4D900F7BD3B /* Navigation.swift */,
				5D78D071242531BE00F7BD3B /* NavigationItem.swift */,
			);
			path = Navigation;
			sourceTree = "<group>";
		};
		5D81A07C243343AF006E1FA9 /* action */ = {
			isa = PBXGroup;
			children = (
				5D228B032432275600464506 /* ActionDescription.swift */,
				5D81A07D243343CF006E1FA9 /* ActionName.swift */,
			);
			path = action;
			sourceTree = "<group>";
		};
		5D90464D243616A100632492 /* color */ = {
			isa = PBXGroup;
			children = (
				5D90464E243616B000632492 /* color.swift */,
			);
			path = color;
			sourceTree = "<group>";
		};
		5D9046522436289200632492 /* renderConfig */ = {
			isa = PBXGroup;
			children = (
				5D904653243628AB00632492 /* RendererConfigs.swift */,
			);
			path = renderConfig;
			sourceTree = "<group>";
		};
		5D98DBD7243B596D00046F3E /* main */ = {
			isa = PBXGroup;
			children = (
				8665ADD6241A8120005B3FA5 /* Main.swift */,
				5D98DBD8243B598100046F3E /* MainActions.swift */,
			);
			path = main;
			sourceTree = "<group>";
		};
		5DB66FB32431DD2D007736D6 /* main */ = {
			isa = PBXGroup;
			children = (
				5DB66FB42431DD41007736D6 /* mainTest.swift */,
			);
			path = main;
			sourceTree = "<group>";
		};
		5DD1E9B623FD812C007BDF7B /* model */ = {
			isa = PBXGroup;
			children = (
				869789E924344A530003756B /* schema.swift */,
				5D38DE162405776B00FF9B70 /* model.swift */,
				8665ADD8241A8387005B3FA5 /* cache.swift */,
				86A5D8392437321700F8FAD8 /* Sync.swift */,
				869789ED2434CC750003756B /* settings.swift */,
			);
			path = model;
			sourceTree = "<group>";
		};
		5DE95A6F241BD60B003ABA63 /* actions */ = {
			isa = PBXGroup;
			children = (
				5DD17B59241252D90018A8F1 /* add_action.json */,
				5DE95A66241BC92E003ABA63 /* openview_action.json */,
				5DE95A6C241BCD34003ABA63 /* back_action.json */,
			);
			path = actions;
			sourceTree = "<group>";
		};
		5DFB0CB824179DFC002FBDE7 /* control */ = {
			isa = PBXGroup;
			children = (
				5D414AD6242B4E4700A3DDFA /* contextpane */,
				5D78D0702425319400F7BD3B /* Navigation */,
				5D41E2A52417A20E001D4482 /* renderer */,
				5D599BBE23F2B77500F218A0 /* Browser.swift */,
				8656461324222C2000D071B4 /* Application.swift */,
				5DD1E9B223FD7E59007BDF7B /* TopNavigation.swift */,
				5DD1E9B423FD7EB1007BDF7B /* Search.swift */,
				5D3D9620241675100004040E /* util.swift */,
				5D414AD7242B875F00A3DDFA /* FilterPanel.swift */,
				5D228B052432385300464506 /* Action.swift */,
			);
			path = control;
			sourceTree = "<group>";
		};
		8624530424268E2A0017393F /* Frameworks */ = {
			isa = PBXGroup;
			children = (
				CBFBAB361D2E7658A14EB0EE /* Pods_memri.framework */,
				BCCEE8B1F884BC6A1E5D05EA /* Pods_memri_memriUITests.framework */,
				6551CB4D7D91FE1BA11F3BCA /* Pods_memriTests.framework */,
			);
			name = Frameworks;
			sourceTree = "<group>";
		};
		C818E60B241C3D640051E653 /* Utilities */ = {
			isa = PBXGroup;
			children = (
				C818E60C241C3D790051E653 /* Drawing */,
			);
			path = Utilities;
			sourceTree = "<group>";
		};
		C818E60C241C3D790051E653 /* Drawing */ = {
			isa = PBXGroup;
			children = (
				C818E60F241D365F0051E653 /* Shapes.swift */,
			);
			path = Drawing;
			sourceTree = "<group>";
		};
		C8A6F7332419907D00FF8183 /* Resources */ = {
			isa = PBXGroup;
			children = (
				5D599BC023F2B77700F218A0 /* Assets.xcassets */,
				5D599BC523F2B77700F218A0 /* LaunchScreen.storyboard */,
				C8A6F73B241993AD00FF8183 /* Localizable.strings */,
			);
			path = Resources;
			sourceTree = "<group>";
		};
/* End PBXGroup section */

/* Begin PBXNativeTarget section */
		5D599BB623F2B77500F218A0 /* memri */ = {
			isa = PBXNativeTarget;
			buildConfigurationList = 5D599BE123F2B77700F218A0 /* Build configuration list for PBXNativeTarget "memri" */;
			buildPhases = (
				669B4909B7951337B2211A09 /* [CP] Check Pods Manifest.lock */,
				5D599BB323F2B77500F218A0 /* Sources */,
				5D599BB423F2B77500F218A0 /* Frameworks */,
				5D599BB523F2B77500F218A0 /* Resources */,
				5D409110242E166F00911641 /* Embed Frameworks */,
				032785595BE02C221440599C /* [CP] Embed Pods Frameworks */,
			);
			buildRules = (
			);
			dependencies = (
			);
			name = memri;
			packageProductDependencies = (
				5DD17B60241293010018A8F1 /* AnyCodable */,
				5DA7BAFA241A72640087B81D /* QGrid */,
			);
			productName = memri;
			productReference = 5D38DE3F240581E500FF9B70 /* memri.app */;
			productType = "com.apple.product-type.application";
		};
		5D599BCC23F2B77700F218A0 /* memriTests */ = {
			isa = PBXNativeTarget;
			buildConfigurationList = 5D599BE423F2B77700F218A0 /* Build configuration list for PBXNativeTarget "memriTests" */;
			buildPhases = (
				4504F5F9DF1B41BC010D8428 /* [CP] Check Pods Manifest.lock */,
				5D599BC923F2B77700F218A0 /* Sources */,
				5D599BCA23F2B77700F218A0 /* Frameworks */,
				5D599BCB23F2B77700F218A0 /* Resources */,
			);
			buildRules = (
			);
			dependencies = (
				5D599BCF23F2B77700F218A0 /* PBXTargetDependency */,
			);
			name = memriTests;
			productName = memriTests;
			productReference = 5D0A28B5240671C700398B17 /* memriTests.xctest */;
			productType = "com.apple.product-type.bundle.unit-test";
		};
		5D599BD723F2B77700F218A0 /* memriUITests */ = {
			isa = PBXNativeTarget;
			buildConfigurationList = 5D599BE723F2B77700F218A0 /* Build configuration list for PBXNativeTarget "memriUITests" */;
			buildPhases = (
				9767D22667227E975AA73743 /* [CP] Check Pods Manifest.lock */,
				5D599BD423F2B77700F218A0 /* Sources */,
				5D599BD523F2B77700F218A0 /* Frameworks */,
				5D599BD623F2B77700F218A0 /* Resources */,
				05E4D1456D767E8D97E99CAD /* [CP] Embed Pods Frameworks */,
			);
			buildRules = (
			);
			dependencies = (
				5D599BDA23F2B77700F218A0 /* PBXTargetDependency */,
			);
			name = memriUITests;
			productName = memriUITests;
			productReference = 5D0A28B6240671C700398B17 /* memriUITests.xctest */;
			productType = "com.apple.product-type.bundle.ui-testing";
		};
/* End PBXNativeTarget section */

/* Begin PBXProject section */
		5D599BAF23F2B77500F218A0 /* Project object */ = {
			isa = PBXProject;
			attributes = {
				KnownAssetTags = (
					New,
				);
				LastSwiftUpdateCheck = 1130;
				LastUpgradeCheck = 1130;
				ORGANIZATIONNAME = memri;
				TargetAttributes = {
					5D599BB623F2B77500F218A0 = {
						CreatedOnToolsVersion = 11.3.1;
					};
					5D599BCC23F2B77700F218A0 = {
						CreatedOnToolsVersion = 11.3.1;
						TestTargetID = 5D599BB623F2B77500F218A0;
					};
					5D599BD723F2B77700F218A0 = {
						CreatedOnToolsVersion = 11.3.1;
						TestTargetID = 5D599BB623F2B77500F218A0;
					};
				};
			};
			buildConfigurationList = 5D599BB223F2B77500F218A0 /* Build configuration list for PBXProject "memri" */;
			compatibilityVersion = "Xcode 9.3";
			developmentRegion = en;
			hasScannedForEncodings = 0;
			knownRegions = (
				en,
				Base,
				nl,
			);
			mainGroup = 5D599BAE23F2B77500F218A0;
			packageReferences = (
				5DD17B5F241293010018A8F1 /* XCRemoteSwiftPackageReference "AnyCodable" */,
				5DA7BAF9241A72640087B81D /* XCRemoteSwiftPackageReference "QGrid" */,
			);
			productRefGroup = 5D599BAE23F2B77500F218A0;
			projectDirPath = "";
			projectRoot = "";
			targets = (
				5D599BB623F2B77500F218A0 /* memri */,
				5D599BCC23F2B77700F218A0 /* memriTests */,
				5D599BD723F2B77700F218A0 /* memriUITests */,
			);
		};
/* End PBXProject section */

/* Begin PBXResourcesBuildPhase section */
		5D599BB523F2B77500F218A0 /* Resources */ = {
			isa = PBXResourcesBuildPhase;
			buildActionMask = 2147483647;
			files = (
				5DE95A6D241BCD34003ABA63 /* back_action.json in Resources */,
				5D78D06B242500A500F7BD3B /* navigationItems.json in Resources */,
				5DC1692A24093E7000367905 /* sessions_manually_expanded.json in Resources */,
				5DC1692824093E6B00367905 /* sessions_manually_single.json in Resources */,
				5D1A3E6E24080BDA00A0583B /* empty_session.json in Resources */,
				5D599BC723F2B77700F218A0 /* LaunchScreen.storyboard in Resources */,
				C8A6F739241993AD00FF8183 /* Localizable.strings in Resources */,
				5D599BC423F2B77700F218A0 /* Preview Assets.xcassets in Resources */,
				8656461A24238BB000D071B4 /* notes_from_server.json in Resources */,
				865646332423A7D500D071B4 /* views_from_server.json in Resources */,
				8656462E2423941500D071B4 /* 0x02.json in Resources */,
				5D0A28BA24067E5C00398B17 /* test_dataItems.json in Resources */,
				865646192423831500D071B4 /* default_sessions.json in Resources */,
				8656462D2423941500D071B4 /* 0x01.json in Resources */,
				865646302423941500D071B4 /* 0x04.json in Resources */,
				8656462F2423941500D071B4 /* 0x03.json in Resources */,
				861439F62435AF91008D6B5B /* test_sessions.json in Resources */,
				5D1A3E66240805C700A0583B /* empty_sessionview.json in Resources */,
				5DE95A67241BC92E003ABA63 /* openview_action.json in Resources */,
				5DD17B5A241252D90018A8F1 /* add_action.json in Resources */,
				86229DCD243509F60013750A /* default_settings.json in Resources */,
				5D599BC123F2B77700F218A0 /* Assets.xcassets in Resources */,
				865646312423941500D071B4 /* 0x05.json in Resources */,
				5DC1692D240945D200367905 /* empty_sessions.json in Resources */,
			);
			runOnlyForDeploymentPostprocessing = 0;
		};
		5D599BCB23F2B77700F218A0 /* Resources */ = {
			isa = PBXResourcesBuildPhase;
			buildActionMask = 2147483647;
			files = (
				8656462924238C6300D071B4 /* 0x04.json in Resources */,
				5D1A3E6D24080BD800A0583B /* empty_session.json in Resources */,
				8656462724238C6300D071B4 /* 0x03.json in Resources */,
				5DC1692924093E7000367905 /* sessions_manually_expanded.json in Resources */,
				5D78D06C242500A500F7BD3B /* navigationItems.json in Resources */,
				865646162422B68A00D071B4 /* default_sessions.json in Resources */,
				5DE95A6E241BCD34003ABA63 /* back_action.json in Resources */,
				5D0A28BB24067E8000398B17 /* test_dataItems.json in Resources */,
				861439F52435AF8C008D6B5B /* test_sessions.json in Resources */,
				5D1A3E67240805C700A0583B /* empty_sessionview.json in Resources */,
				865646342423A7D500D071B4 /* views_from_server.json in Resources */,
				8656461C24238BF400D071B4 /* 0x01.json in Resources */,
				5DE95A68241BC92E003ABA63 /* openview_action.json in Resources */,
				5DC1692724093C3900367905 /* sessions_manually_single.json in Resources */,
				5DD17B5B241252D90018A8F1 /* add_action.json in Resources */,
				86229DCC243508B00013750A /* default_settings.json in Resources */,
				5DC1692C2409453200367905 /* empty_sessions.json in Resources */,
				8656462524238C6300D071B4 /* 0x02.json in Resources */,
				8656462B24238C6300D071B4 /* 0x05.json in Resources */,
				865646182422B6A700D071B4 /* notes_from_server.json in Resources */,
			);
			runOnlyForDeploymentPostprocessing = 0;
		};
		5D599BD623F2B77700F218A0 /* Resources */ = {
			isa = PBXResourcesBuildPhase;
			buildActionMask = 2147483647;
			files = (
			);
			runOnlyForDeploymentPostprocessing = 0;
		};
/* End PBXResourcesBuildPhase section */

/* Begin PBXShellScriptBuildPhase section */
		032785595BE02C221440599C /* [CP] Embed Pods Frameworks */ = {
			isa = PBXShellScriptBuildPhase;
			buildActionMask = 2147483647;
			files = (
			);
			inputFileListPaths = (
				"${PODS_ROOT}/Target Support Files/Pods-memri/Pods-memri-frameworks-${CONFIGURATION}-input-files.xcfilelist",
			);
			name = "[CP] Embed Pods Frameworks";
			outputFileListPaths = (
				"${PODS_ROOT}/Target Support Files/Pods-memri/Pods-memri-frameworks-${CONFIGURATION}-output-files.xcfilelist",
			);
			runOnlyForDeploymentPostprocessing = 0;
			shellPath = /bin/sh;
			shellScript = "\"${PODS_ROOT}/Target Support Files/Pods-memri/Pods-memri-frameworks.sh\"\n";
			showEnvVarsInLog = 0;
		};
		05E4D1456D767E8D97E99CAD /* [CP] Embed Pods Frameworks */ = {
			isa = PBXShellScriptBuildPhase;
			buildActionMask = 2147483647;
			files = (
			);
			inputFileListPaths = (
				"${PODS_ROOT}/Target Support Files/Pods-memri-memriUITests/Pods-memri-memriUITests-frameworks-${CONFIGURATION}-input-files.xcfilelist",
			);
			name = "[CP] Embed Pods Frameworks";
			outputFileListPaths = (
				"${PODS_ROOT}/Target Support Files/Pods-memri-memriUITests/Pods-memri-memriUITests-frameworks-${CONFIGURATION}-output-files.xcfilelist",
			);
			runOnlyForDeploymentPostprocessing = 0;
			shellPath = /bin/sh;
			shellScript = "\"${PODS_ROOT}/Target Support Files/Pods-memri-memriUITests/Pods-memri-memriUITests-frameworks.sh\"\n";
			showEnvVarsInLog = 0;
		};
		4504F5F9DF1B41BC010D8428 /* [CP] Check Pods Manifest.lock */ = {
			isa = PBXShellScriptBuildPhase;
			buildActionMask = 2147483647;
			files = (
			);
			inputFileListPaths = (
			);
			inputPaths = (
				"${PODS_PODFILE_DIR_PATH}/Podfile.lock",
				"${PODS_ROOT}/Manifest.lock",
			);
			name = "[CP] Check Pods Manifest.lock";
			outputFileListPaths = (
			);
			outputPaths = (
				"$(DERIVED_FILE_DIR)/Pods-memriTests-checkManifestLockResult.txt",
			);
			runOnlyForDeploymentPostprocessing = 0;
			shellPath = /bin/sh;
			shellScript = "diff \"${PODS_PODFILE_DIR_PATH}/Podfile.lock\" \"${PODS_ROOT}/Manifest.lock\" > /dev/null\nif [ $? != 0 ] ; then\n    # print error to STDERR\n    echo \"error: The sandbox is not in sync with the Podfile.lock. Run 'pod install' or update your CocoaPods installation.\" >&2\n    exit 1\nfi\n# This output is used by Xcode 'outputs' to avoid re-running this script phase.\necho \"SUCCESS\" > \"${SCRIPT_OUTPUT_FILE_0}\"\n";
			showEnvVarsInLog = 0;
		};
		669B4909B7951337B2211A09 /* [CP] Check Pods Manifest.lock */ = {
			isa = PBXShellScriptBuildPhase;
			buildActionMask = 2147483647;
			files = (
			);
			inputFileListPaths = (
			);
			inputPaths = (
				"${PODS_PODFILE_DIR_PATH}/Podfile.lock",
				"${PODS_ROOT}/Manifest.lock",
			);
			name = "[CP] Check Pods Manifest.lock";
			outputFileListPaths = (
			);
			outputPaths = (
				"$(DERIVED_FILE_DIR)/Pods-memri-checkManifestLockResult.txt",
			);
			runOnlyForDeploymentPostprocessing = 0;
			shellPath = /bin/sh;
			shellScript = "diff \"${SRCROOT}/Podfile.lock\" \"${SRCROOT}/Pods/Manifest.lock\" > /dev/null\nif [ $? != 0 ] ; then\n    # print error to STDERR\n    echo \"error: The sandbox is not in sync with the Podfile.lock. Run 'pod install' or update your CocoaPods installation.\" >&2\n    exit 1\nfi\n# This output is used by Xcode 'outputs' to avoid re-running this script phase.\necho \"SUCCESS\" > \"${SCRIPT_OUTPUT_FILE_0}\"\n";
			showEnvVarsInLog = 0;
		};
		9767D22667227E975AA73743 /* [CP] Check Pods Manifest.lock */ = {
			isa = PBXShellScriptBuildPhase;
			buildActionMask = 2147483647;
			files = (
			);
			inputFileListPaths = (
			);
			inputPaths = (
				"${PODS_PODFILE_DIR_PATH}/Podfile.lock",
				"${PODS_ROOT}/Manifest.lock",
			);
			name = "[CP] Check Pods Manifest.lock";
			outputFileListPaths = (
			);
			outputPaths = (
				"$(DERIVED_FILE_DIR)/Pods-memri-memriUITests-checkManifestLockResult.txt",
			);
			runOnlyForDeploymentPostprocessing = 0;
			shellPath = /bin/sh;
			shellScript = "diff \"${PODS_PODFILE_DIR_PATH}/Podfile.lock\" \"${PODS_ROOT}/Manifest.lock\" > /dev/null\nif [ $? != 0 ] ; then\n    # print error to STDERR\n    echo \"error: The sandbox is not in sync with the Podfile.lock. Run 'pod install' or update your CocoaPods installation.\" >&2\n    exit 1\nfi\n# This output is used by Xcode 'outputs' to avoid re-running this script phase.\necho \"SUCCESS\" > \"${SCRIPT_OUTPUT_FILE_0}\"\n";
			showEnvVarsInLog = 0;
		};
/* End PBXShellScriptBuildPhase section */

/* Begin PBXSourcesBuildPhase section */
		5D599BB323F2B77500F218A0 /* Sources */ = {
			isa = PBXSourcesBuildPhase;
			buildActionMask = 2147483647;
			files = (
				C80442D62427192300FE39A0 /* ContextPaneForground.swift in Sources */,
				8665ADD7241A8120005B3FA5 /* Main.swift in Sources */,
				5D599BBB23F2B77500F218A0 /* AppDelegate.swift in Sources */,
				5D78D072242531BE00F7BD3B /* NavigationItem.swift in Sources */,
				5D78D0692424D4D900F7BD3B /* Navigation.swift in Sources */,
				5D1A3E6B2408086800A0583B /* Session_v1.swift in Sources */,
				5D98DBD9243B598100046F3E /* MainActions.swift in Sources */,
				869789EA24344A530003756B /* schema.swift in Sources */,
				5D38DE132405775400FF9B70 /* api.swift in Sources */,
				5D599BBD23F2B77500F218A0 /* SceneDelegate.swift in Sources */,
				5D0EBA2924040D6300D9D842 /* Browser_v1.swift in Sources */,
				5D1A3E64240704D000A0583B /* CodablePublishedExtension.swift in Sources */,
				5DD17B5D2412677D0018A8F1 /* DefaultCodingKeys.swift in Sources */,
				861439F22435942A008D6B5B /* Installer.swift in Sources */,
				C818E610241D365F0051E653 /* Shapes.swift in Sources */,
				5DD17B68241294CC0018A8F1 /* AnyCodable.swift in Sources */,
				869789EE2434CC750003756B /* settings.swift in Sources */,
				86A5D83A2437321700F8FAD8 /* Sync.swift in Sources */,
				5D228B062432385300464506 /* Action.swift in Sources */,
				5D904654243628AB00632492 /* RendererConfigs.swift in Sources */,
				5DF96DCE2417AA2B0051EA45 /* ListRenderer.swift in Sources */,
				5D38DE152405776300FF9B70 /* control.swift in Sources */,
				5DD17B6B241294DC0018A8F1 /* AnyDecodable.swift in Sources */,
				5D38DE19240577BA00FF9B70 /* SessionView.swift in Sources */,
				5D81A07E243343CF006E1FA9 /* ActionName.swift in Sources */,
				5D41618B23FFE2730017EC4A /* TestView.swift in Sources */,
				5D38DE172405776B00FF9B70 /* model.swift in Sources */,
				5DD1E9B823FD814E007BDF7B /* Note.swift in Sources */,
				5D599BBF23F2B77500F218A0 /* Browser.swift in Sources */,
				C806E06E2426694300C050E9 /* ContextPaneBackground.swift in Sources */,
				5D414AD8242B875F00A3DDFA /* FilterPanel.swift in Sources */,
				8656461424222C2000D071B4 /* Application.swift in Sources */,
				5D493FDE23FC15FF0034692B /* RichTextRenderer.swift in Sources */,
				5D90464F243616B000632492 /* color.swift in Sources */,
				5D3D961F24164B240004040E /* CodeExtended.swift in Sources */,
				5DD28B772417BAF900CE9F6A /* ThumbnailRenderer.swift in Sources */,
				5D228B042432275600464506 /* ActionDescription.swift in Sources */,
				5D3D9621241675100004040E /* util.swift in Sources */,
				5D2492FB2434E75A00BCE8DD /* RendererObjects.swift in Sources */,
				869789EC24344C7E0003756B /* HeterogeneousCollections.swift in Sources */,
				5DD1E9B323FD7E59007BDF7B /* TopNavigation.swift in Sources */,
				5DFB0CBF24179FA6002FBDE7 /* Session.swift in Sources */,
				5DD1E9BA23FD81C5007BDF7B /* Renderer.swift in Sources */,
				5DD1E9B523FD7EB1007BDF7B /* Search.swift in Sources */,
				5D0EBA272404036600D9D842 /* Renderer_v1.swift in Sources */,
				8665ADD9241A8387005B3FA5 /* cache.swift in Sources */,
				5DD17B6E241294E90018A8F1 /* AnyEncodable.swift in Sources */,
				5DE95A6A241BC954003ABA63 /* DecodableDict.swift in Sources */,
				C8630B2C2418609200C36D6F /* ContextPane.swift in Sources */,
				5D2934F023FEA1CD0073E25F /* DataStore.swift in Sources */,
			);
			runOnlyForDeploymentPostprocessing = 0;
		};
		5D599BC923F2B77700F218A0 /* Sources */ = {
			isa = PBXSourcesBuildPhase;
			buildActionMask = 2147483647;
			files = (
				5D1A3E69240807C100A0583B /* SessionTest.swift in Sources */,
				5D0A28B9240678EE00398B17 /* ModelTest.swift in Sources */,
				5DE95A6B241BC954003ABA63 /* DecodableDict.swift in Sources */,
				5D228B082432416F00464506 /* ActionTest.swift in Sources */,
				5DD17B6F241294E90018A8F1 /* AnyEncodable.swift in Sources */,
				5DB66FB72431DEB0007736D6 /* realmTest.swift in Sources */,
				86677DEB242A6751007A4782 /* CacheTest.swift in Sources */,
				5DD17B5E2412677D0018A8F1 /* DefaultCodingKeys.swift in Sources */,
				5D3D962424168C810004040E /* AnyCodable.swift in Sources */,
				5D38DE11240576D200FF9B70 /* PodAPITest.swift in Sources */,
				5D78D06E242512FB00F7BD3B /* NavigationTest.swift in Sources */,
				5D0A28C324069A6500398B17 /* SessionsViewTest.swift in Sources */,
				5DB66FB52431DD41007736D6 /* mainTest.swift in Sources */,
				5DD17B6C241294DC0018A8F1 /* AnyDecodable.swift in Sources */,
			);
			runOnlyForDeploymentPostprocessing = 0;
		};
		5D599BD423F2B77700F218A0 /* Sources */ = {
			isa = PBXSourcesBuildPhase;
			buildActionMask = 2147483647;
			files = (
				5D599BDD23F2B77700F218A0 /* memriUITests.swift in Sources */,
			);
			runOnlyForDeploymentPostprocessing = 0;
		};
/* End PBXSourcesBuildPhase section */

/* Begin PBXTargetDependency section */
		5D599BCF23F2B77700F218A0 /* PBXTargetDependency */ = {
			isa = PBXTargetDependency;
			target = 5D599BB623F2B77500F218A0 /* memri */;
			targetProxy = 5D599BCE23F2B77700F218A0 /* PBXContainerItemProxy */;
		};
		5D599BDA23F2B77700F218A0 /* PBXTargetDependency */ = {
			isa = PBXTargetDependency;
			target = 5D599BB623F2B77500F218A0 /* memri */;
			targetProxy = 5D599BD923F2B77700F218A0 /* PBXContainerItemProxy */;
		};
/* End PBXTargetDependency section */

/* Begin PBXVariantGroup section */
		5D599BC523F2B77700F218A0 /* LaunchScreen.storyboard */ = {
			isa = PBXVariantGroup;
			children = (
				5D599BC623F2B77700F218A0 /* Base */,
				C8A6F7342419926600FF8183 /* nl */,
				C8A6F736241992ED00FF8183 /* en */,
			);
			name = LaunchScreen.storyboard;
			sourceTree = "<group>";
		};
		C8A6F73B241993AD00FF8183 /* Localizable.strings */ = {
			isa = PBXVariantGroup;
			children = (
				C8A6F73A241993AD00FF8183 /* en */,
				C8A6F73C241993CA00FF8183 /* nl */,
			);
			name = Localizable.strings;
			sourceTree = "<group>";
		};
/* End PBXVariantGroup section */

/* Begin XCBuildConfiguration section */
		5D599BDF23F2B77700F218A0 /* Debug */ = {
			isa = XCBuildConfiguration;
			buildSettings = {
				ALWAYS_SEARCH_USER_PATHS = NO;
				CLANG_ANALYZER_LOCALIZABILITY_NONLOCALIZED = YES;
				CLANG_ANALYZER_NONNULL = YES;
				CLANG_ANALYZER_NUMBER_OBJECT_CONVERSION = YES_AGGRESSIVE;
				CLANG_CXX_LANGUAGE_STANDARD = "gnu++14";
				CLANG_CXX_LIBRARY = "libc++";
				CLANG_ENABLE_MODULES = YES;
				CLANG_ENABLE_OBJC_ARC = YES;
				CLANG_ENABLE_OBJC_WEAK = YES;
				CLANG_WARN_BLOCK_CAPTURE_AUTORELEASING = YES;
				CLANG_WARN_BOOL_CONVERSION = YES;
				CLANG_WARN_COMMA = YES;
				CLANG_WARN_CONSTANT_CONVERSION = YES;
				CLANG_WARN_DEPRECATED_OBJC_IMPLEMENTATIONS = YES;
				CLANG_WARN_DIRECT_OBJC_ISA_USAGE = YES_ERROR;
				CLANG_WARN_DOCUMENTATION_COMMENTS = YES;
				CLANG_WARN_EMPTY_BODY = YES;
				CLANG_WARN_ENUM_CONVERSION = YES;
				CLANG_WARN_INFINITE_RECURSION = YES;
				CLANG_WARN_INT_CONVERSION = YES;
				CLANG_WARN_NON_LITERAL_NULL_CONVERSION = YES;
				CLANG_WARN_OBJC_IMPLICIT_RETAIN_SELF = YES;
				CLANG_WARN_OBJC_LITERAL_CONVERSION = YES;
				CLANG_WARN_OBJC_ROOT_CLASS = YES_ERROR;
				CLANG_WARN_RANGE_LOOP_ANALYSIS = YES;
				CLANG_WARN_STRICT_PROTOTYPES = YES;
				CLANG_WARN_SUSPICIOUS_MOVE = YES;
				CLANG_WARN_UNGUARDED_AVAILABILITY = YES_AGGRESSIVE;
				CLANG_WARN_UNREACHABLE_CODE = YES;
				CLANG_WARN__DUPLICATE_METHOD_MATCH = YES;
				COPY_PHASE_STRIP = NO;
				DEBUG_INFORMATION_FORMAT = dwarf;
				ENABLE_STRICT_OBJC_MSGSEND = YES;
				ENABLE_TESTABILITY = YES;
				GCC_C_LANGUAGE_STANDARD = gnu11;
				GCC_DYNAMIC_NO_PIC = NO;
				GCC_NO_COMMON_BLOCKS = YES;
				GCC_OPTIMIZATION_LEVEL = 0;
				GCC_PREPROCESSOR_DEFINITIONS = (
					"DEBUG=1",
					"$(inherited)",
				);
				GCC_WARN_64_TO_32_BIT_CONVERSION = YES;
				GCC_WARN_ABOUT_RETURN_TYPE = YES_ERROR;
				GCC_WARN_UNDECLARED_SELECTOR = YES;
				GCC_WARN_UNINITIALIZED_AUTOS = YES_AGGRESSIVE;
				GCC_WARN_UNUSED_FUNCTION = YES;
				GCC_WARN_UNUSED_VARIABLE = YES;
				IPHONEOS_DEPLOYMENT_TARGET = 13.2;
				MTL_ENABLE_DEBUG_INFO = INCLUDE_SOURCE;
				MTL_FAST_MATH = YES;
				ONLY_ACTIVE_ARCH = YES;
				SDKROOT = iphoneos;
				SWIFT_ACTIVE_COMPILATION_CONDITIONS = DEBUG;
				SWIFT_OPTIMIZATION_LEVEL = "-Onone";
			};
			name = Debug;
		};
		5D599BE023F2B77700F218A0 /* Release */ = {
			isa = XCBuildConfiguration;
			buildSettings = {
				ALWAYS_SEARCH_USER_PATHS = NO;
				CLANG_ANALYZER_LOCALIZABILITY_NONLOCALIZED = YES;
				CLANG_ANALYZER_NONNULL = YES;
				CLANG_ANALYZER_NUMBER_OBJECT_CONVERSION = YES_AGGRESSIVE;
				CLANG_CXX_LANGUAGE_STANDARD = "gnu++14";
				CLANG_CXX_LIBRARY = "libc++";
				CLANG_ENABLE_MODULES = YES;
				CLANG_ENABLE_OBJC_ARC = YES;
				CLANG_ENABLE_OBJC_WEAK = YES;
				CLANG_WARN_BLOCK_CAPTURE_AUTORELEASING = YES;
				CLANG_WARN_BOOL_CONVERSION = YES;
				CLANG_WARN_COMMA = YES;
				CLANG_WARN_CONSTANT_CONVERSION = YES;
				CLANG_WARN_DEPRECATED_OBJC_IMPLEMENTATIONS = YES;
				CLANG_WARN_DIRECT_OBJC_ISA_USAGE = YES_ERROR;
				CLANG_WARN_DOCUMENTATION_COMMENTS = YES;
				CLANG_WARN_EMPTY_BODY = YES;
				CLANG_WARN_ENUM_CONVERSION = YES;
				CLANG_WARN_INFINITE_RECURSION = YES;
				CLANG_WARN_INT_CONVERSION = YES;
				CLANG_WARN_NON_LITERAL_NULL_CONVERSION = YES;
				CLANG_WARN_OBJC_IMPLICIT_RETAIN_SELF = YES;
				CLANG_WARN_OBJC_LITERAL_CONVERSION = YES;
				CLANG_WARN_OBJC_ROOT_CLASS = YES_ERROR;
				CLANG_WARN_RANGE_LOOP_ANALYSIS = YES;
				CLANG_WARN_STRICT_PROTOTYPES = YES;
				CLANG_WARN_SUSPICIOUS_MOVE = YES;
				CLANG_WARN_UNGUARDED_AVAILABILITY = YES_AGGRESSIVE;
				CLANG_WARN_UNREACHABLE_CODE = YES;
				CLANG_WARN__DUPLICATE_METHOD_MATCH = YES;
				COPY_PHASE_STRIP = NO;
				DEBUG_INFORMATION_FORMAT = "dwarf-with-dsym";
				ENABLE_NS_ASSERTIONS = NO;
				ENABLE_STRICT_OBJC_MSGSEND = YES;
				GCC_C_LANGUAGE_STANDARD = gnu11;
				GCC_NO_COMMON_BLOCKS = YES;
				GCC_WARN_64_TO_32_BIT_CONVERSION = YES;
				GCC_WARN_ABOUT_RETURN_TYPE = YES_ERROR;
				GCC_WARN_UNDECLARED_SELECTOR = YES;
				GCC_WARN_UNINITIALIZED_AUTOS = YES_AGGRESSIVE;
				GCC_WARN_UNUSED_FUNCTION = YES;
				GCC_WARN_UNUSED_VARIABLE = YES;
				IPHONEOS_DEPLOYMENT_TARGET = 13.2;
				MTL_ENABLE_DEBUG_INFO = NO;
				MTL_FAST_MATH = YES;
				SDKROOT = iphoneos;
				SWIFT_COMPILATION_MODE = wholemodule;
				SWIFT_OPTIMIZATION_LEVEL = "-O";
				VALIDATE_PRODUCT = YES;
			};
			name = Release;
		};
		5D599BE223F2B77700F218A0 /* Debug */ = {
			isa = XCBuildConfiguration;
			baseConfigurationReference = 0BDCFFCAD6ADE06AD5B96FFC /* Pods-memri.debug.xcconfig */;
			buildSettings = {
				ASSETCATALOG_COMPILER_APPICON_NAME = AppIcon;
				BUILD_LIBRARY_FOR_DISTRIBUTION = NO;
				CODE_SIGN_STYLE = Automatic;
				DEVELOPMENT_ASSET_PATHS = "\"memri/Preview Content\"";
				DEVELOPMENT_TEAM = "";
				ENABLE_PREVIEWS = YES;
				FRAMEWORK_SEARCH_PATHS = (
					"$(inherited)",
					"$(PROJECT_DIR)/memri/Resources",
					"$(PROJECT_DIR)/Carthage/Build/iOS",
				);
				INFOPLIST_FILE = memri/Info.plist;
				LD_RUNPATH_SEARCH_PATHS = (
					"$(inherited)",
					"@executable_path/Frameworks",
					memri/Resources,
				);
				PRODUCT_BUNDLE_IDENTIFIER = polis.memri;
				PRODUCT_NAME = "$(TARGET_NAME)";
				SWIFT_VERSION = 5.0;
				TARGETED_DEVICE_FAMILY = "1,2";
			};
			name = Debug;
		};
		5D599BE323F2B77700F218A0 /* Release */ = {
			isa = XCBuildConfiguration;
			baseConfigurationReference = FF4C9A97AC0C656DB1E64385 /* Pods-memri.release.xcconfig */;
			buildSettings = {
				ASSETCATALOG_COMPILER_APPICON_NAME = AppIcon;
				BUILD_LIBRARY_FOR_DISTRIBUTION = NO;
				CODE_SIGN_STYLE = Automatic;
				DEVELOPMENT_ASSET_PATHS = "\"memri/Preview Content\"";
				DEVELOPMENT_TEAM = "";
				ENABLE_PREVIEWS = YES;
				FRAMEWORK_SEARCH_PATHS = (
					"$(inherited)",
					"$(PROJECT_DIR)/memri/Resources",
					"$(PROJECT_DIR)/Carthage/Build/iOS",
				);
				INFOPLIST_FILE = memri/Info.plist;
				LD_RUNPATH_SEARCH_PATHS = (
					"$(inherited)",
					"@executable_path/Frameworks",
					memri/Resources,
				);
				PRODUCT_BUNDLE_IDENTIFIER = polis.memri;
				PRODUCT_NAME = "$(TARGET_NAME)";
				SWIFT_VERSION = 5.0;
				TARGETED_DEVICE_FAMILY = "1,2";
			};
			name = Release;
		};
		5D599BE523F2B77700F218A0 /* Debug */ = {
			isa = XCBuildConfiguration;
			baseConfigurationReference = 980D4DE8C9576CFA4D2381F4 /* Pods-memriTests.debug.xcconfig */;
			buildSettings = {
				ALWAYS_EMBED_SWIFT_STANDARD_LIBRARIES = YES;
				BUNDLE_LOADER = "$(TEST_HOST)";
				CODE_SIGN_STYLE = Automatic;
				FRAMEWORK_SEARCH_PATHS = (
					"$(inherited)",
					"$(PROJECT_DIR)/memri/Resources",
				);
				INFOPLIST_FILE = memriTests/Info.plist;
				IPHONEOS_DEPLOYMENT_TARGET = 13.2;
				LD_RUNPATH_SEARCH_PATHS = (
					"$(inherited)",
					"@executable_path/Frameworks",
					"@loader_path/Frameworks",
				);
				NEW_SETTING = "";
				PRODUCT_BUNDLE_IDENTIFIER = polis.memriTests;
				PRODUCT_NAME = "$(TARGET_NAME)";
				SWIFT_VERSION = 5.0;
				TARGETED_DEVICE_FAMILY = "1,2";
				TEST_HOST = "$(BUILT_PRODUCTS_DIR)/memri.app/memri";
			};
			name = Debug;
		};
		5D599BE623F2B77700F218A0 /* Release */ = {
			isa = XCBuildConfiguration;
			baseConfigurationReference = 7EBEF912311A82914DCE2C3D /* Pods-memriTests.release.xcconfig */;
			buildSettings = {
				ALWAYS_EMBED_SWIFT_STANDARD_LIBRARIES = YES;
				BUNDLE_LOADER = "$(TEST_HOST)";
				CODE_SIGN_STYLE = Automatic;
				FRAMEWORK_SEARCH_PATHS = (
					"$(inherited)",
					"$(PROJECT_DIR)/memri/Resources",
				);
				INFOPLIST_FILE = memriTests/Info.plist;
				IPHONEOS_DEPLOYMENT_TARGET = 13.2;
				LD_RUNPATH_SEARCH_PATHS = (
					"$(inherited)",
					"@executable_path/Frameworks",
					"@loader_path/Frameworks",
				);
				NEW_SETTING = "";
				PRODUCT_BUNDLE_IDENTIFIER = polis.memriTests;
				PRODUCT_NAME = "$(TARGET_NAME)";
				SWIFT_VERSION = 5.0;
				TARGETED_DEVICE_FAMILY = "1,2";
				TEST_HOST = "$(BUILT_PRODUCTS_DIR)/memri.app/memri";
			};
			name = Release;
		};
		5D599BE823F2B77700F218A0 /* Debug */ = {
			isa = XCBuildConfiguration;
			baseConfigurationReference = E5BF27DE55B6CCEED184A224 /* Pods-memri-memriUITests.debug.xcconfig */;
			buildSettings = {
				ALWAYS_EMBED_SWIFT_STANDARD_LIBRARIES = "$(inherited)";
				BUILD_LIBRARY_FOR_DISTRIBUTION = YES;
				CODE_SIGN_STYLE = Automatic;
				INFOPLIST_FILE = memriUITests/Info.plist;
				LD_RUNPATH_SEARCH_PATHS = (
					"$(inherited)",
					"@executable_path/Frameworks",
					"@loader_path/Frameworks",
				);
				PRODUCT_BUNDLE_IDENTIFIER = polis.memriUITests;
				PRODUCT_NAME = "$(TARGET_NAME)";
				SWIFT_VERSION = 5.0;
				TARGETED_DEVICE_FAMILY = "1,2";
				TEST_TARGET_NAME = memri;
			};
			name = Debug;
		};
		5D599BE923F2B77700F218A0 /* Release */ = {
			isa = XCBuildConfiguration;
			baseConfigurationReference = 75A2622B303AD831114E4167 /* Pods-memri-memriUITests.release.xcconfig */;
			buildSettings = {
				ALWAYS_EMBED_SWIFT_STANDARD_LIBRARIES = "$(inherited)";
				BUILD_LIBRARY_FOR_DISTRIBUTION = YES;
				CODE_SIGN_STYLE = Automatic;
				INFOPLIST_FILE = memriUITests/Info.plist;
				LD_RUNPATH_SEARCH_PATHS = (
					"$(inherited)",
					"@executable_path/Frameworks",
					"@loader_path/Frameworks",
				);
				PRODUCT_BUNDLE_IDENTIFIER = polis.memriUITests;
				PRODUCT_NAME = "$(TARGET_NAME)";
				SWIFT_VERSION = 5.0;
				TARGETED_DEVICE_FAMILY = "1,2";
				TEST_TARGET_NAME = memri;
			};
			name = Release;
		};
/* End XCBuildConfiguration section */

/* Begin XCConfigurationList section */
		5D599BB223F2B77500F218A0 /* Build configuration list for PBXProject "memri" */ = {
			isa = XCConfigurationList;
			buildConfigurations = (
				5D599BDF23F2B77700F218A0 /* Debug */,
				5D599BE023F2B77700F218A0 /* Release */,
			);
			defaultConfigurationIsVisible = 0;
			defaultConfigurationName = Release;
		};
		5D599BE123F2B77700F218A0 /* Build configuration list for PBXNativeTarget "memri" */ = {
			isa = XCConfigurationList;
			buildConfigurations = (
				5D599BE223F2B77700F218A0 /* Debug */,
				5D599BE323F2B77700F218A0 /* Release */,
			);
			defaultConfigurationIsVisible = 0;
			defaultConfigurationName = Release;
		};
		5D599BE423F2B77700F218A0 /* Build configuration list for PBXNativeTarget "memriTests" */ = {
			isa = XCConfigurationList;
			buildConfigurations = (
				5D599BE523F2B77700F218A0 /* Debug */,
				5D599BE623F2B77700F218A0 /* Release */,
			);
			defaultConfigurationIsVisible = 0;
			defaultConfigurationName = Release;
		};
		5D599BE723F2B77700F218A0 /* Build configuration list for PBXNativeTarget "memriUITests" */ = {
			isa = XCConfigurationList;
			buildConfigurations = (
				5D599BE823F2B77700F218A0 /* Debug */,
				5D599BE923F2B77700F218A0 /* Release */,
			);
			defaultConfigurationIsVisible = 0;
			defaultConfigurationName = Release;
		};
/* End XCConfigurationList section */

/* Begin XCRemoteSwiftPackageReference section */
		5DA7BAF9241A72640087B81D /* XCRemoteSwiftPackageReference "QGrid" */ = {
			isa = XCRemoteSwiftPackageReference;
			repositoryURL = "https://github.com/Q-Mobile/QGrid";
			requirement = {
				kind = upToNextMajorVersion;
				minimumVersion = 0.1.3;
			};
		};
		5DD17B5F241293010018A8F1 /* XCRemoteSwiftPackageReference "AnyCodable" */ = {
			isa = XCRemoteSwiftPackageReference;
			repositoryURL = "https://github.com/Flight-School/AnyCodable";
			requirement = {
				kind = upToNextMajorVersion;
				minimumVersion = 0.2.3;
			};
		};
/* End XCRemoteSwiftPackageReference section */

/* Begin XCSwiftPackageProductDependency section */
		5DA7BAFA241A72640087B81D /* QGrid */ = {
			isa = XCSwiftPackageProductDependency;
			package = 5DA7BAF9241A72640087B81D /* XCRemoteSwiftPackageReference "QGrid" */;
			productName = QGrid;
		};
		5DD17B60241293010018A8F1 /* AnyCodable */ = {
			isa = XCSwiftPackageProductDependency;
			package = 5DD17B5F241293010018A8F1 /* XCRemoteSwiftPackageReference "AnyCodable" */;
			productName = AnyCodable;
		};
/* End XCSwiftPackageProductDependency section */
	};
	rootObject = 5D599BAF23F2B77500F218A0 /* Project object */;
}
