{
  "object": {
    "pins": [
      {
        "package": "AnyCodable",
        "repositoryURL": "https://github.com/Flight-School/AnyCodable",
        "state": {
          "branch": null,
          "revision": "6e9610258e9f1044b5e0d88545052846448b43c3",
          "version": "0.2.3"
        }
      },
      {
        "package": "ASCollectionView",
        "repositoryURL": "https://github.com/apptekstudios/ASCollectionView",
        "state": {
          "branch": "master",
          "revision": "91d85a3aec1bdc88fb285b3908ba036ba9d1dd09",
          "version": null
        }
      },
      {
        "package": "OrderedDictionary",
        "repositoryURL": "https://github.com/lukaskubanek/OrderedDictionary.git",
        "state": {
          "branch": null,
          "revision": "acb62df76052bef95a918d26f12bf4996b8587ea",
          "version": "2.4.0"
        }
      },
      {
        "package": "QGrid",
        "repositoryURL": "https://github.com/Q-Mobile/QGrid",
        "state": {
          "branch": null,
          "revision": "804e59f8cb9f66b226685e9369fb82029742b83a",
          "version": "0.1.4"
        }
      },
      {
        "package": "TextView",
        "repositoryURL": "https://github.com/kenmueller/TextView",
        "state": {
          "branch": "master",
          "revision": "b6f475e8e0f6caa4249395190b03e66ba826e54b",
          "version": null
        }
      }
    ]
  },
  "version": 1
}
