{
  "requires": true,
  "lockfileVersion": 1,
  "dependencies": {
    "fault": {
      "version": "1.0.4",
      "resolved": "https://registry.npmjs.org/fault/-/fault-1.0.4.tgz",
      "integrity": "sha512-CJ0HCB5tL5fYTEA7ToAq5+kTwd++Borf1/bifxd9iT70QcXr4MRrO3Llf8Ifs70q+SJcGHFtnIE/Nw6giCtECA==",
      "requires": {
        "format": "^0.2.0"
      }
    },
    "format": {
      "version": "0.2.2",
      "resolved": "https://registry.npmjs.org/format/-/format-0.2.2.tgz",
      "integrity": "sha1-1hcBB+nv3E7TDJ3DkBbflCtctYs="
    },
    "highlight.js": {
      "version": "10.2.1",
      "resolved": "https://registry.npmjs.org/highlight.js/-/highlight.js-10.2.1.tgz",
      "integrity": "sha512-A+sckVPIb9zQTUydC9lpRX1qRFO/N0OKEh0NwIr65ckvWA/oMY8v9P3+kGRK3w2ULSh9E8v5MszXafodQ6039g=="
    },
    "lowlight": {
      "version": "1.14.0",
      "resolved": "https://registry.npmjs.org/lowlight/-/lowlight-1.14.0.tgz",
      "integrity": "sha512-N2E7zTM7r1CwbzwspPxJvmjAbxljCPThTFawEX2Z7+P3NGrrvY54u8kyU16IY4qWfoVIxY8SYCS8jTkuG7TqYA==",
      "requires": {
        "fault": "^1.0.0",
        "highlight.js": "~10.1.0"
      },
      "dependencies": {
        "highlight.js": {
          "version": "10.1.2",
          "resolved": "https://registry.npmjs.org/highlight.js/-/highlight.js-10.1.2.tgz",
          "integrity": "sha512-Q39v/Mn5mfBlMff9r+zzA+gWxRsCRKwEMvYTiisLr/XUiFI/4puWt0Ojdko3R3JCNWGdOWaA5g/Yxqa23kC5AA=="
        }
      }
    },
    "orderedmap": {
      "version": "1.1.1",
      "resolved": "https://registry.npmjs.org/orderedmap/-/orderedmap-1.1.1.tgz",
      "integrity": "sha512-3Ux8um0zXbVacKUkcytc0u3HgC0b0bBLT+I60r2J/En72cI0nZffqrA7Xtf2Hqs27j1g82llR5Mhbd0Z1XW4AQ=="
    },
    "prosemirror-collab": {
      "version": "1.2.2",
      "resolved": "https://registry.npmjs.org/prosemirror-collab/-/prosemirror-collab-1.2.2.tgz",
      "integrity": "sha512-tBnHKMLgy5Qmx9MYVcLfs3pAyjtcqYYDd9kp3y+LSiQzkhMQDfZSV3NXWe4Gsly32adSef173BvObwfoSQL5MA==",
      "requires": {
        "prosemirror-state": "^1.0.0"
      }
    },
    "prosemirror-commands": {
      "version": "1.1.4",
      "resolved": "https://registry.npmjs.org/prosemirror-commands/-/prosemirror-commands-1.1.4.tgz",
      "integrity": "sha512-kj4Qi+8h3EpJtZuuEDwZ9h2/QNGWDsIX/CzjmClxi9GhxWyBUMVUvIFk0mgdqHyX20lLeGmOpc0TLA5aPzgpWg==",
      "requires": {
        "prosemirror-model": "^1.0.0",
        "prosemirror-state": "^1.0.0",
        "prosemirror-transform": "^1.0.0"
      }
    },
    "prosemirror-dropcursor": {
      "version": "1.3.2",
      "resolved": "https://registry.npmjs.org/prosemirror-dropcursor/-/prosemirror-dropcursor-1.3.2.tgz",
      "integrity": "sha512-4c94OUGyobGnwcQI70OXyMhE/9T4aTgjU+CHxkd5c7D+jH/J0mKM/lk+jneFVKt7+E4/M0D9HzRPifu8U28Thw==",
      "requires": {
        "prosemirror-state": "^1.0.0",
        "prosemirror-transform": "^1.1.0",
        "prosemirror-view": "^1.1.0"
      }
    },
    "prosemirror-gapcursor": {
      "version": "1.1.5",
      "resolved": "https://registry.npmjs.org/prosemirror-gapcursor/-/prosemirror-gapcursor-1.1.5.tgz",
      "integrity": "sha512-SjbUZq5pgsBDuV3hu8GqgIpZR5eZvGLM+gPQTqjVVYSMUCfKW3EGXTEYaLHEl1bGduwqNC95O3bZflgtAb4L6w==",
      "requires": {
        "prosemirror-keymap": "^1.0.0",
        "prosemirror-model": "^1.0.0",
        "prosemirror-state": "^1.0.0",
        "prosemirror-view": "^1.0.0"
      }
    },
    "prosemirror-history": {
      "version": "1.1.3",
      "resolved": "https://registry.npmjs.org/prosemirror-history/-/prosemirror-history-1.1.3.tgz",
      "integrity": "sha512-zGDotijea+vnfnyyUGyiy1wfOQhf0B/b6zYcCouBV8yo6JmrE9X23M5q7Nf/nATywEZbgRLG70R4DmfSTC+gfg==",
      "requires": {
        "prosemirror-state": "^1.2.2",
        "prosemirror-transform": "^1.0.0",
        "rope-sequence": "^1.3.0"
      }
    },
    "prosemirror-inputrules": {
      "version": "1.1.2",
      "resolved": "https://registry.npmjs.org/prosemirror-inputrules/-/prosemirror-inputrules-1.1.2.tgz",
      "integrity": "sha512-Ja5Z3BWestlHYGvtSGqyvxMeB8QEuBjlHM8YnKtLGUXMDp965qdDV4goV8lJb17kIWHk7e7JNj6Catuoa3302g==",
      "requires": {
        "prosemirror-state": "^1.0.0",
        "prosemirror-transform": "^1.0.0"
      }
    },
    "prosemirror-keymap": {
      "version": "1.1.4",
      "resolved": "https://registry.npmjs.org/prosemirror-keymap/-/prosemirror-keymap-1.1.4.tgz",
      "integrity": "sha512-Al8cVUOnDFL4gcI5IDlG6xbZ0aOD/i3B17VT+1JbHWDguCgt/lBHVTHUBcKvvbSg6+q/W4Nj1Fu6bwZSca3xjg==",
      "requires": {
        "prosemirror-state": "^1.0.0",
        "w3c-keyname": "^2.2.0"
      }
    },
    "prosemirror-model": {
      "version": "1.11.0",
      "resolved": "https://registry.npmjs.org/prosemirror-model/-/prosemirror-model-1.11.0.tgz",
      "integrity": "sha512-GqoAz/mIYjdv8gVYJ8mWFKpHoTxn/lXq4tXJ6bTVxs+rem2LzMYXrNVXfucGtfsgqsJlRIgng/ByG9j7Q8XDrg==",
      "requires": {
        "orderedmap": "^1.1.0"
      }
    },
    "prosemirror-schema-list": {
      "version": "1.1.4",
      "resolved": "https://registry.npmjs.org/prosemirror-schema-list/-/prosemirror-schema-list-1.1.4.tgz",
      "integrity": "sha512-pNTuZflacFOBlxrTcWSdWhjoB8BaucwfJVp/gJNxztOwaN3wQiC65axclXyplf6TKgXD/EkWfS/QAov3/Znadw==",
      "requires": {
        "prosemirror-model": "^1.0.0",
        "prosemirror-transform": "^1.0.0"
      }
    },
    "prosemirror-state": {
      "version": "1.3.3",
      "resolved": "https://registry.npmjs.org/prosemirror-state/-/prosemirror-state-1.3.3.tgz",
      "integrity": "sha512-PLXh2VJsIgvlgSTH6I2Yg6vk1CzPDp21DFreVpQtDMY2S6WaMmrQgDTLRcsrD8X38v8Yc873H7+ogdGzyIPn+w==",
      "requires": {
        "prosemirror-model": "^1.0.0",
        "prosemirror-transform": "^1.0.0"
      }
    },
    "prosemirror-tables": {
      "version": "1.1.1",
      "resolved": "https://registry.npmjs.org/prosemirror-tables/-/prosemirror-tables-1.1.1.tgz",
      "integrity": "sha512-LmCz4jrlqQZRsYRDzCRYf/pQ5CUcSOyqZlAj5kv67ZWBH1SVLP2U9WJEvQfimWgeRlIz0y0PQVqO1arRm1+woA==",
      "requires": {
        "prosemirror-keymap": "^1.1.2",
        "prosemirror-model": "^1.8.1",
        "prosemirror-state": "^1.3.1",
        "prosemirror-transform": "^1.2.1",
        "prosemirror-view": "^1.13.3"
      }
    },
    "prosemirror-transform": {
      "version": "1.2.8",
      "resolved": "https://registry.npmjs.org/prosemirror-transform/-/prosemirror-transform-1.2.8.tgz",
      "integrity": "sha512-hKqceqv9ZmMQXNQkhFjr0KFGPvkhygaWND+uIM0GxRpALrKfxP97SsgHTBs3OpJhDmh5N+mB4D/CksB291Eavg==",
      "requires": {
        "prosemirror-model": "^1.0.0"
      }
    },
    "prosemirror-utils": {
      "version": "0.9.6",
      "resolved": "https://registry.npmjs.org/prosemirror-utils/-/prosemirror-utils-0.9.6.tgz",
      "integrity": "sha512-UC+j9hQQ1POYfMc5p7UFxBTptRiGPR7Kkmbl3jVvU8VgQbkI89tR/GK+3QYC8n+VvBZrtAoCrJItNhWSxX3slA=="
    },
    "prosemirror-view": {
      "version": "1.15.4",
      "resolved": "https://registry.npmjs.org/prosemirror-view/-/prosemirror-view-1.15.4.tgz",
      "integrity": "sha512-SzcszIrDJnQIS+f7WiS5KmQBfdYEhPqp/Hx9bKmXH7ZxrxRiBKPy1/9MoZzxjXUkm+5WHjX+N1fjAMXKoz/OQw==",
      "requires": {
        "prosemirror-model": "^1.1.0",
        "prosemirror-state": "^1.0.0",
        "prosemirror-transform": "^1.1.0"
      }
    },
    "rope-sequence": {
      "version": "1.3.2",
      "resolved": "https://registry.npmjs.org/rope-sequence/-/rope-sequence-1.3.2.tgz",
      "integrity": "sha512-ku6MFrwEVSVmXLvy3dYph3LAMNS0890K7fabn+0YIRQ2T96T9F4gkFf0vf0WW0JUraNWwGRtInEpH7yO4tbQZg=="
    },
    "scroll-behavior-polyfill": {
      "version": "2.0.13",
      "resolved": "https://registry.npmjs.org/scroll-behavior-polyfill/-/scroll-behavior-polyfill-2.0.13.tgz",
      "integrity": "sha512-X1AC6+k0++Y3XOT8Likr5Dh4XMmwvbTolr3Mp2g1jYPpOQ3++wff/JPfPEK6zqPCkZ88Ac0/OMRW/Uwh16U+HQ=="
    },
    "smoothscroll-polyfill": {
      "version": "0.4.4",
      "resolved": "https://registry.npmjs.org/smoothscroll-polyfill/-/smoothscroll-polyfill-0.4.4.tgz",
      "integrity": "sha512-TK5ZA9U5RqCwMpfoMq/l1mrH0JAR7y7KRvOBx0n2869aLxch+gT9GhN3yUfjiw+d/DiF1mKo14+hd62JyMmoBg=="
    },
    "tiptap": {
      "version": "1.29.6",
      "resolved": "https://registry.npmjs.org/tiptap/-/tiptap-1.29.6.tgz",
      "integrity": "sha512-6GkWbwsnDlM92Fq/a3Jl5nXjpFRwCr5S+zuRbBPfOSLA1RmD29uUSBgquZEhdiBCG+0SsvX2ixkQ5poSGCrnEQ==",
      "requires": {
        "prosemirror-commands": "1.1.4",
        "prosemirror-dropcursor": "1.3.2",
        "prosemirror-gapcursor": "1.1.5",
        "prosemirror-inputrules": "1.1.2",
        "prosemirror-keymap": "1.1.4",
        "prosemirror-model": "1.11.0",
        "prosemirror-state": "1.3.3",
        "prosemirror-view": "1.15.4",
        "tiptap-commands": "^1.14.6",
        "tiptap-utils": "^1.10.4"
      }
    },
    "tiptap-commands": {
      "version": "1.14.6",
      "resolved": "https://registry.npmjs.org/tiptap-commands/-/tiptap-commands-1.14.6.tgz",
      "integrity": "sha512-SNUNcKFGB6MogujBPlbPzRGweLpST1n9k/50+xSN27qFX6MgU9APz8WDf8HviUc5RlOBeQyo4Z9Rrp0eR+t3Qg==",
      "requires": {
        "prosemirror-commands": "^1.1.4",
        "prosemirror-inputrules": "^1.1.2",
        "prosemirror-model": "^1.11.0",
        "prosemirror-schema-list": "^1.1.4",
        "prosemirror-state": "^1.3.3",
        "prosemirror-tables": "^1.1.1",
        "prosemirror-utils": "^0.9.6",
        "tiptap-utils": "^1.10.4"
      }
    },
    "tiptap-extensions": {
      "version": "1.32.7",
      "resolved": "https://registry.npmjs.org/tiptap-extensions/-/tiptap-extensions-1.32.7.tgz",
      "integrity": "sha512-/LmZpU+O5EsDbc7rV6iEfo50jWFvU/ezSjG0RI+3EcUqyS5wTpcUVlvTtJkWATHV8/F1Cirm5r6SXhzDu/FdPA==",
      "requires": {
        "lowlight": "^1.14.0",
        "prosemirror-collab": "^1.2.2",
        "prosemirror-history": "^1.1.3",
        "prosemirror-model": "^1.11.0",
        "prosemirror-state": "^1.3.3",
        "prosemirror-tables": "^1.1.1",
        "prosemirror-transform": "^1.2.8",
        "prosemirror-utils": "^0.9.6",
        "prosemirror-view": "^1.15.4",
        "tiptap": "^1.29.6",
        "tiptap-commands": "^1.14.6",
        "tiptap-utils": "^1.10.4"
      }
    },
    "tiptap-utils": {
      "version": "1.10.4",
      "resolved": "https://registry.npmjs.org/tiptap-utils/-/tiptap-utils-1.10.4.tgz",
      "integrity": "sha512-0U6rrDODlL1YH/JgX2zR0aFrmmoV2Fex8MwpkcKwQ2Ks7zcY2fPjUyoKnq0Ue05vs1PH692OiDAAFammZWfzjw==",
      "requires": {
        "prosemirror-model": "^1.11.0",
        "prosemirror-state": "^1.3.3",
        "prosemirror-tables": "^1.1.1",
        "prosemirror-utils": "^0.9.6"
      }
    },
    "vue-draggable-resizable": {
      "version": "2.2.0",
      "resolved": "https://registry.npmjs.org/vue-draggable-resizable/-/vue-draggable-resizable-2.2.0.tgz",
      "integrity": "sha512-KjVyzg0OtLsyVhnwD/6NozJkLMD3li41QB/aJIJUr3VS75Gn32UPOWidLvhwsbkwNQcKajXW9QCV1aTrN6MY8w=="
    },
    "w3c-keyname": {
      "version": "2.2.4",
      "resolved": "https://registry.npmjs.org/w3c-keyname/-/w3c-keyname-2.2.4.tgz",
      "integrity": "sha512-tOhfEwEzFLJzf6d1ZPkYfGj+FWhIpBux9ppoP3rlclw3Z0BZv3N7b7030Z1kYth+6rDuAsXUFr+d0VE6Ed1ikw=="
    }
  }
}
